// !$*UTF8*$!
{
	archiveVersion = 1;
	classes = {
	};
	objectVersion = 48;
	objects = {

/* Begin PBXBuildFile section */
		830157E21B3BD27C00ED46A8 /* t.png in Resources */ = {isa = PBXBuildFile; fileRef = 830157E11B3BD27C00ED46A8 /* t.png */; };
		8302A5851B535EC500C7209C /* grid.png in Resources */ = {isa = PBXBuildFile; fileRef = 8302A5841B535EC500C7209C /* grid.png */; };
		8314210F1CE99DD300C140B2 /* Controller.cpp in Sources */ = {isa = PBXBuildFile; fileRef = 8314210D1CE99DD300C140B2 /* Controller.cpp */; };
		8326D0D91BE9F43D00A15879 /* circle.png in Resources */ = {isa = PBXBuildFile; fileRef = 8326D0D81BE9F43D00A15879 /* circle.png */; };
		8326D0DB1BE9F72000A15879 /* Images.xcassets in Resources */ = {isa = PBXBuildFile; fileRef = 8326D0DA1BE9F72000A15879 /* Images.xcassets */; };
		833043D01B424A1C00636928 /* bg.jpg in Resources */ = {isa = PBXBuildFile; fileRef = 833043CF1B424A1C00636928 /* bg.jpg */; };
		83377A591CEC25A600CEB2D8 /* Map.cpp in Sources */ = {isa = PBXBuildFile; fileRef = 83377A571CEC25A600CEB2D8 /* Map.cpp */; };
		83377A601CEC2F5800CEB2D8 /* Shader.cpp in Sources */ = {isa = PBXBuildFile; fileRef = 83377A5E1CEC2F5800CEB2D8 /* Shader.cpp */; };
		833D43B11FB5970D00DFCF83 /* Block.cpp in Sources */ = {isa = PBXBuildFile; fileRef = 833D43AF1FB5970D00DFCF83 /* Block.cpp */; };
		8342296722276BBF00E45202 /* b2Body.cpp in Sources */ = {isa = PBXBuildFile; fileRef = 8342290322276BBF00E45202 /* b2Body.cpp */; };
		8342296822276BBF00E45202 /* b2World.cpp in Sources */ = {isa = PBXBuildFile; fileRef = 8342290422276BBF00E45202 /* b2World.cpp */; };
		8342296922276BBF00E45202 /* b2Fixture.cpp in Sources */ = {isa = PBXBuildFile; fileRef = 8342290522276BBF00E45202 /* b2Fixture.cpp */; };
		8342296A22276BBF00E45202 /* b2ChainAndPolygonContact.cpp in Sources */ = {isa = PBXBuildFile; fileRef = 8342290C22276BBF00E45202 /* b2ChainAndPolygonContact.cpp */; };
		8342296B22276BBF00E45202 /* b2EdgeAndPolygonContact.cpp in Sources */ = {isa = PBXBuildFile; fileRef = 8342290E22276BBF00E45202 /* b2EdgeAndPolygonContact.cpp */; };
		8342296C22276BBF00E45202 /* b2ChainAndCircleContact.cpp in Sources */ = {isa = PBXBuildFile; fileRef = 8342290F22276BBF00E45202 /* b2ChainAndCircleContact.cpp */; };
		8342296D22276BBF00E45202 /* b2PolygonAndCircleContact.cpp in Sources */ = {isa = PBXBuildFile; fileRef = 8342291022276BBF00E45202 /* b2PolygonAndCircleContact.cpp */; };
		8342296E22276BBF00E45202 /* b2PolygonContact.cpp in Sources */ = {isa = PBXBuildFile; fileRef = 8342291222276BBF00E45202 /* b2PolygonContact.cpp */; };
		8342296F22276BBF00E45202 /* b2ContactSolver.cpp in Sources */ = {isa = PBXBuildFile; fileRef = 8342291622276BBF00E45202 /* b2ContactSolver.cpp */; };
		8342297022276BBF00E45202 /* b2CircleContact.cpp in Sources */ = {isa = PBXBuildFile; fileRef = 8342291722276BBF00E45202 /* b2CircleContact.cpp */; };
		8342297122276BBF00E45202 /* b2EdgeAndCircleContact.cpp in Sources */ = {isa = PBXBuildFile; fileRef = 8342291822276BBF00E45202 /* b2EdgeAndCircleContact.cpp */; };
		8342297222276BBF00E45202 /* b2Contact.cpp in Sources */ = {isa = PBXBuildFile; fileRef = 8342291922276BBF00E45202 /* b2Contact.cpp */; };
		8342297322276BBF00E45202 /* b2WorldCallbacks.cpp in Sources */ = {isa = PBXBuildFile; fileRef = 8342291A22276BBF00E45202 /* b2WorldCallbacks.cpp */; };
		8342297422276BBF00E45202 /* b2WeldJoint.cpp in Sources */ = {isa = PBXBuildFile; fileRef = 8342291C22276BBF00E45202 /* b2WeldJoint.cpp */; };
		8342297522276BBF00E45202 /* b2MouseJoint.cpp in Sources */ = {isa = PBXBuildFile; fileRef = 8342291D22276BBF00E45202 /* b2MouseJoint.cpp */; };
		8342297622276BBF00E45202 /* b2FrictionJoint.cpp in Sources */ = {isa = PBXBuildFile; fileRef = 8342291E22276BBF00E45202 /* b2FrictionJoint.cpp */; };
		8342297722276BBF00E45202 /* b2DistanceJoint.cpp in Sources */ = {isa = PBXBuildFile; fileRef = 8342292622276BBF00E45202 /* b2DistanceJoint.cpp */; };
		8342297822276BBF00E45202 /* b2WheelJoint.cpp in Sources */ = {isa = PBXBuildFile; fileRef = 8342292722276BBF00E45202 /* b2WheelJoint.cpp */; };
		8342297922276BBF00E45202 /* b2MotorJoint.cpp in Sources */ = {isa = PBXBuildFile; fileRef = 8342292822276BBF00E45202 /* b2MotorJoint.cpp */; };
		8342297A22276BBF00E45202 /* b2RevoluteJoint.cpp in Sources */ = {isa = PBXBuildFile; fileRef = 8342292B22276BBF00E45202 /* b2RevoluteJoint.cpp */; };
		8342297B22276BBF00E45202 /* b2GearJoint.cpp in Sources */ = {isa = PBXBuildFile; fileRef = 8342292D22276BBF00E45202 /* b2GearJoint.cpp */; };
		8342297C22276BBF00E45202 /* b2Joint.cpp in Sources */ = {isa = PBXBuildFile; fileRef = 8342292E22276BBF00E45202 /* b2Joint.cpp */; };
		8342297D22276BBF00E45202 /* b2PrismaticJoint.cpp in Sources */ = {isa = PBXBuildFile; fileRef = 8342292F22276BBF00E45202 /* b2PrismaticJoint.cpp */; };
		8342297E22276BBF00E45202 /* b2PulleyJoint.cpp in Sources */ = {isa = PBXBuildFile; fileRef = 8342293022276BBF00E45202 /* b2PulleyJoint.cpp */; };
		8342297F22276BBF00E45202 /* b2RopeJoint.cpp in Sources */ = {isa = PBXBuildFile; fileRef = 8342293222276BBF00E45202 /* b2RopeJoint.cpp */; };
		8342298022276BBF00E45202 /* b2Island.cpp in Sources */ = {isa = PBXBuildFile; fileRef = 8342293522276BBF00E45202 /* b2Island.cpp */; };
		8342298122276BBF00E45202 /* b2ContactManager.cpp in Sources */ = {isa = PBXBuildFile; fileRef = 8342293B22276BBF00E45202 /* b2ContactManager.cpp */; };
		8342298222276BBF00E45202 /* b2Rope.cpp in Sources */ = {isa = PBXBuildFile; fileRef = 8342293F22276BBF00E45202 /* b2Rope.cpp */; };
		8342298322276BBF00E45202 /* b2Draw.cpp in Sources */ = {isa = PBXBuildFile; fileRef = 8342294222276BBF00E45202 /* b2Draw.cpp */; };
		8342298422276BBF00E45202 /* b2BlockAllocator.cpp in Sources */ = {isa = PBXBuildFile; fileRef = 8342294422276BBF00E45202 /* b2BlockAllocator.cpp */; };
		8342298522276BBF00E45202 /* b2Settings.cpp in Sources */ = {isa = PBXBuildFile; fileRef = 8342294622276BBF00E45202 /* b2Settings.cpp */; };
		8342298622276BBF00E45202 /* b2Timer.cpp in Sources */ = {isa = PBXBuildFile; fileRef = 8342294822276BBF00E45202 /* b2Timer.cpp */; };
		8342298722276BBF00E45202 /* b2StackAllocator.cpp in Sources */ = {isa = PBXBuildFile; fileRef = 8342294A22276BBF00E45202 /* b2StackAllocator.cpp */; };
		8342298822276BBF00E45202 /* b2Math.cpp in Sources */ = {isa = PBXBuildFile; fileRef = 8342294B22276BBF00E45202 /* b2Math.cpp */; };
		8342298922276BBF00E45202 /* b2Distance.cpp in Sources */ = {isa = PBXBuildFile; fileRef = 8342295022276BBF00E45202 /* b2Distance.cpp */; };
		8342298A22276BBF00E45202 /* b2CollideCircle.cpp in Sources */ = {isa = PBXBuildFile; fileRef = 8342295122276BBF00E45202 /* b2CollideCircle.cpp */; };
		8342298B22276BBF00E45202 /* b2CollidePolygon.cpp in Sources */ = {isa = PBXBuildFile; fileRef = 8342295222276BBF00E45202 /* b2CollidePolygon.cpp */; };
		8342298C22276BBF00E45202 /* b2DynamicTree.cpp in Sources */ = {isa = PBXBuildFile; fileRef = 8342295322276BBF00E45202 /* b2DynamicTree.cpp */; };
		8342298D22276BBF00E45202 /* b2ChainShape.cpp in Sources */ = {isa = PBXBuildFile; fileRef = 8342295622276BBF00E45202 /* b2ChainShape.cpp */; };
		8342298E22276BBF00E45202 /* b2EdgeShape.cpp in Sources */ = {isa = PBXBuildFile; fileRef = 8342295A22276BBF00E45202 /* b2EdgeShape.cpp */; };
		8342298F22276BBF00E45202 /* b2CircleShape.cpp in Sources */ = {isa = PBXBuildFile; fileRef = 8342295B22276BBF00E45202 /* b2CircleShape.cpp */; };
		8342299022276BBF00E45202 /* b2PolygonShape.cpp in Sources */ = {isa = PBXBuildFile; fileRef = 8342295C22276BBF00E45202 /* b2PolygonShape.cpp */; };
		8342299122276BBF00E45202 /* b2TimeOfImpact.cpp in Sources */ = {isa = PBXBuildFile; fileRef = 8342296022276BBF00E45202 /* b2TimeOfImpact.cpp */; };
		8342299222276BBF00E45202 /* b2BroadPhase.cpp in Sources */ = {isa = PBXBuildFile; fileRef = 8342296122276BBF00E45202 /* b2BroadPhase.cpp */; };
		8342299322276BBF00E45202 /* b2CollideEdge.cpp in Sources */ = {isa = PBXBuildFile; fileRef = 8342296422276BBF00E45202 /* b2CollideEdge.cpp */; };
		8342299422276BBF00E45202 /* b2Collision.cpp in Sources */ = {isa = PBXBuildFile; fileRef = 8342296522276BBF00E45202 /* b2Collision.cpp */; };
		8342299722276E3B00E45202 /* cxBoxWorld.cpp in Sources */ = {isa = PBXBuildFile; fileRef = 8342299622276E3B00E45202 /* cxBoxWorld.cpp */; };
		8342299A22276EF600E45202 /* cxBoxBody.cpp in Sources */ = {isa = PBXBuildFile; fileRef = 8342299922276EF600E45202 /* cxBoxBody.cpp */; };
		834A1D001E69AEC900751690 /* jlbox.lqt in Resources */ = {isa = PBXBuildFile; fileRef = 834A1CFF1E69AEC900751690 /* jlbox.lqt */; };
		834A1D021E69AF3C00751690 /* jl1000.lqt in Resources */ = {isa = PBXBuildFile; fileRef = 834A1D011E69AF3C00751690 /* jl1000.lqt */; };
		834A1D061E69AFE800751690 /* jl.lqt in Resources */ = {isa = PBXBuildFile; fileRef = 834A1D051E69AFE800751690 /* jl.lqt */; };
		83546A471B3127F700FFE1E7 /* Game.cpp in Sources */ = {isa = PBXBuildFile; fileRef = 83546A451B3127F700FFE1E7 /* Game.cpp */; };
		83651249215F565D000D29CB /* main.mm in Sources */ = {isa = PBXBuildFile; fileRef = 83651247215F565D000D29CB /* main.mm */; };
		83651250215F56E6000D29CB /* UIKit.framework in Frameworks */ = {isa = PBXBuildFile; fileRef = 8365124F215F56E6000D29CB /* UIKit.framework */; };
		83651252215F5700000D29CB /* CoreText.framework in Frameworks */ = {isa = PBXBuildFile; fileRef = 8365124D215F56DD000D29CB /* CoreText.framework */; };
		83651253215F5706000D29CB /* CoreGraphics.framework in Frameworks */ = {isa = PBXBuildFile; fileRef = 8365124A215F56C5000D29CB /* CoreGraphics.framework */; };
		836DD1211B2C26CE0094F5EF /* shader in Resources */ = {isa = PBXBuildFile; fileRef = 836DD1201B2C26CE0094F5EF /* shader */; };
		836E30451B5E2ABF00ED8BDC /* Sea.cpp in Sources */ = {isa = PBXBuildFile; fileRef = 836E30431B5E2ABF00ED8BDC /* Sea.cpp */; };
		836E304C1B5E2B4C00ED8BDC /* foam.png in Resources */ = {isa = PBXBuildFile; fileRef = 836E30481B5E2B4C00ED8BDC /* foam.png */; };
		836E304D1B5E2B4C00ED8BDC /* water.fsh in Resources */ = {isa = PBXBuildFile; fileRef = 836E30491B5E2B4C00ED8BDC /* water.fsh */; };
		836E304E1B5E2B4C00ED8BDC /* water.png in Resources */ = {isa = PBXBuildFile; fileRef = 836E304A1B5E2B4C00ED8BDC /* water.png */; };
		836E304F1B5E2B4C00ED8BDC /* water.vsh in Resources */ = {isa = PBXBuildFile; fileRef = 836E304B1B5E2B4C00ED8BDC /* water.vsh */; };
		839836BF1B109793002B7C20 /* libcxEngineCore.a in Frameworks */ = {isa = PBXBuildFile; fileRef = 839836BC1B10978B002B7C20 /* libcxEngineCore.a */; };
		839B8AEB1B68D6EF009E0CF7 /* finch.wav in Resources */ = {isa = PBXBuildFile; fileRef = 839B8AEA1B68D6EF009E0CF7 /* finch.wav */; };
		839B8AF11B68DD3A009E0CF7 /* o.wav in Resources */ = {isa = PBXBuildFile; fileRef = 839B8AF01B68DD3A009E0CF7 /* o.wav */; };
		839FD5BA1FB30FAE003C7899 /* Move.cpp in Sources */ = {isa = PBXBuildFile; fileRef = 839FD5B81FB30FAE003C7899 /* Move.cpp */; };
		839FD5BE1FB40B95003C7899 /* Point.cpp in Sources */ = {isa = PBXBuildFile; fileRef = 839FD5BC1FB40B95003C7899 /* Point.cpp */; };
		83AFD45D211450680061E924 /* OpenAL.framework in Frameworks */ = {isa = PBXBuildFile; fileRef = 83AFD45B211450680061E924 /* OpenAL.framework */; };
		83AFD45E211450680061E924 /* OpenGLES.framework in Frameworks */ = {isa = PBXBuildFile; fileRef = 83AFD45C211450680061E924 /* OpenGLES.framework */; };
		83AFD4602114506C0061E924 /* GLKit.framework in Frameworks */ = {isa = PBXBuildFile; fileRef = 83AFD45F2114506C0061E924 /* GLKit.framework */; };
		83AFD462211450710061E924 /* libz.tbd in Frameworks */ = {isa = PBXBuildFile; fileRef = 83AFD461211450710061E924 /* libz.tbd */; };
		83AFD4652114507B0061E924 /* libpng.a in Frameworks */ = {isa = PBXBuildFile; fileRef = 83AFD4632114507B0061E924 /* libpng.a */; };
		83AFD4662114507B0061E924 /* libuv.a in Frameworks */ = {isa = PBXBuildFile; fileRef = 83AFD4642114507B0061E924 /* libuv.a */; };
		83B6E3201E2A006A00C9C6AB /* bg.png in Resources */ = {isa = PBXBuildFile; fileRef = 83B6E31F1E2A006A00C9C6AB /* bg.png */; };
		83C410DA1E28B3C90027FAFC /* penhuo1_xia.xml in Resources */ = {isa = PBXBuildFile; fileRef = 83C410D91E28B3C90027FAFC /* penhuo1_xia.xml */; };
		83CD01A71E2CEB60006FC20F /* penhuo.xml in Resources */ = {isa = PBXBuildFile; fileRef = 83CD01A61E2CEB60006FC20F /* penhuo.xml */; };
		83D8C3571B69E46400155990 /* battle_lost_02.mp3 in Resources */ = {isa = PBXBuildFile; fileRef = 83D8C3561B69E46400155990 /* battle_lost_02.mp3 */; };
		83D92D281B315E7200F061D6 /* animate.json in Resources */ = {isa = PBXBuildFile; fileRef = 83D92D261B315E7200F061D6 /* animate.json */; };
		83D92D291B315E7200F061D6 /* animate.png in Resources */ = {isa = PBXBuildFile; fileRef = 83D92D271B315E7200F061D6 /* animate.png */; };
		83E6F6581B0C97B5006839C8 /* LaunchScreen.xib in Resources */ = {isa = PBXBuildFile; fileRef = 83E6F6561B0C97B5006839C8 /* LaunchScreen.xib */; };
		83E886DC1B68F970001C0727 /* test.mp3 in Resources */ = {isa = PBXBuildFile; fileRef = 83E886DB1B68F970001C0727 /* test.mp3 */; };
		83F45E8A1E2CECB20083C886 /* penhuo1_1.xml in Resources */ = {isa = PBXBuildFile; fileRef = 83F45E891E2CECB20083C886 /* penhuo1_1.xml */; };
		83F5D0B51CE570A600690B86 /* actions.csv in Resources */ = {isa = PBXBuildFile; fileRef = 83F5D0B21CE570A600690B86 /* actions.csv */; };
		83F5D0B71CE570A600690B86 /* frames.csv in Resources */ = {isa = PBXBuildFile; fileRef = 83F5D0B41CE570A600690B86 /* frames.csv */; };
		83F5D0C31CE5BB5400690B86 /* texts.csv in Resources */ = {isa = PBXBuildFile; fileRef = 83F5D0C21CE5BB5400690B86 /* texts.csv */; };
		83F5D0C51CE5BE0400690B86 /* configs.csv in Resources */ = {isa = PBXBuildFile; fileRef = 83F5D0C41CE5BE0400690B86 /* configs.csv */; };
/* End PBXBuildFile section */

/* Begin PBXContainerItemProxy section */
		839836BB1B10978B002B7C20 /* PBXContainerItemProxy */ = {
			isa = PBXContainerItemProxy;
			containerPortal = 839836B61B10978A002B7C20 /* cxEngineCore.xcodeproj */;
			proxyType = 2;
			remoteGlobalIDString = 83BBF3D81B109452003CB004;
			remoteInfo = cxEngineCore;
		};
/* End PBXContainerItemProxy section */

/* Begin PBXFileReference section */
		830157E11B3BD27C00ED46A8 /* t.png */ = {isa = PBXFileReference; lastKnownFileType = image.png; path = t.png; sourceTree = "<group>"; };
		8302A5841B535EC500C7209C /* grid.png */ = {isa = PBXFileReference; lastKnownFileType = image.png; path = grid.png; sourceTree = "<group>"; };
		8314210D1CE99DD300C140B2 /* Controller.cpp */ = {isa = PBXFileReference; fileEncoding = 4; lastKnownFileType = sourcecode.cpp.cpp; path = Controller.cpp; sourceTree = "<group>"; };
		8314210E1CE99DD300C140B2 /* Controller.h */ = {isa = PBXFileReference; fileEncoding = 4; lastKnownFileType = sourcecode.c.h; path = Controller.h; sourceTree = "<group>"; };
		8326D0D81BE9F43D00A15879 /* circle.png */ = {isa = PBXFileReference; lastKnownFileType = image.png; path = circle.png; sourceTree = "<group>"; };
		8326D0DA1BE9F72000A15879 /* Images.xcassets */ = {isa = PBXFileReference; lastKnownFileType = folder.assetcatalog; name = Images.xcassets; path = cxEngineTest/Images.xcassets; sourceTree = SOURCE_ROOT; };
		833043CF1B424A1C00636928 /* bg.jpg */ = {isa = PBXFileReference; lastKnownFileType = image.jpeg; path = bg.jpg; sourceTree = "<group>"; };
		83377A571CEC25A600CEB2D8 /* Map.cpp */ = {isa = PBXFileReference; fileEncoding = 4; lastKnownFileType = sourcecode.cpp.cpp; path = Map.cpp; sourceTree = "<group>"; };
		83377A581CEC25A600CEB2D8 /* Map.h */ = {isa = PBXFileReference; fileEncoding = 4; lastKnownFileType = sourcecode.c.h; path = Map.h; sourceTree = "<group>"; };
		83377A5C1CEC2E6000CEB2D8 /* game.shader */ = {isa = PBXFileReference; fileEncoding = 4; lastKnownFileType = text; path = game.shader; sourceTree = "<group>"; };
		83377A5E1CEC2F5800CEB2D8 /* Shader.cpp */ = {isa = PBXFileReference; fileEncoding = 4; lastKnownFileType = sourcecode.cpp.cpp; path = Shader.cpp; sourceTree = "<group>"; };
		83377A5F1CEC2F5800CEB2D8 /* Shader.h */ = {isa = PBXFileReference; fileEncoding = 4; lastKnownFileType = sourcecode.c.h; path = Shader.h; sourceTree = "<group>"; };
		833D43AF1FB5970D00DFCF83 /* Block.cpp */ = {isa = PBXFileReference; lastKnownFileType = sourcecode.cpp.cpp; path = Block.cpp; sourceTree = "<group>"; };
		833D43B01FB5970D00DFCF83 /* Block.h */ = {isa = PBXFileReference; lastKnownFileType = sourcecode.c.h; path = Block.h; sourceTree = "<group>"; };
		8342290322276BBF00E45202 /* b2Body.cpp */ = {isa = PBXFileReference; fileEncoding = 4; lastKnownFileType = sourcecode.cpp.cpp; path = b2Body.cpp; sourceTree = "<group>"; };
		8342290422276BBF00E45202 /* b2World.cpp */ = {isa = PBXFileReference; fileEncoding = 4; lastKnownFileType = sourcecode.cpp.cpp; path = b2World.cpp; sourceTree = "<group>"; };
		8342290522276BBF00E45202 /* b2Fixture.cpp */ = {isa = PBXFileReference; fileEncoding = 4; lastKnownFileType = sourcecode.cpp.cpp; path = b2Fixture.cpp; sourceTree = "<group>"; };
		8342290622276BBF00E45202 /* b2World.h */ = {isa = PBXFileReference; fileEncoding = 4; lastKnownFileType = sourcecode.c.h; path = b2World.h; sourceTree = "<group>"; };
		8342290822276BBF00E45202 /* b2ContactSolver.h */ = {isa = PBXFileReference; fileEncoding = 4; lastKnownFileType = sourcecode.c.h; path = b2ContactSolver.h; sourceTree = "<group>"; };
		8342290922276BBF00E45202 /* b2ChainAndCircleContact.h */ = {isa = PBXFileReference; fileEncoding = 4; lastKnownFileType = sourcecode.c.h; path = b2ChainAndCircleContact.h; sourceTree = "<group>"; };
		8342290A22276BBF00E45202 /* b2PolygonAndCircleContact.h */ = {isa = PBXFileReference; fileEncoding = 4; lastKnownFileType = sourcecode.c.h; path = b2PolygonAndCircleContact.h; sourceTree = "<group>"; };
		8342290B22276BBF00E45202 /* b2EdgeAndCircleContact.h */ = {isa = PBXFileReference; fileEncoding = 4; lastKnownFileType = sourcecode.c.h; path = b2EdgeAndCircleContact.h; sourceTree = "<group>"; };
		8342290C22276BBF00E45202 /* b2ChainAndPolygonContact.cpp */ = {isa = PBXFileReference; fileEncoding = 4; lastKnownFileType = sourcecode.cpp.cpp; path = b2ChainAndPolygonContact.cpp; sourceTree = "<group>"; };
		8342290D22276BBF00E45202 /* b2EdgeAndPolygonContact.h */ = {isa = PBXFileReference; fileEncoding = 4; lastKnownFileType = sourcecode.c.h; path = b2EdgeAndPolygonContact.h; sourceTree = "<group>"; };
		8342290E22276BBF00E45202 /* b2EdgeAndPolygonContact.cpp */ = {isa = PBXFileReference; fileEncoding = 4; lastKnownFileType = sourcecode.cpp.cpp; path = b2EdgeAndPolygonContact.cpp; sourceTree = "<group>"; };
		8342290F22276BBF00E45202 /* b2ChainAndCircleContact.cpp */ = {isa = PBXFileReference; fileEncoding = 4; lastKnownFileType = sourcecode.cpp.cpp; path = b2ChainAndCircleContact.cpp; sourceTree = "<group>"; };
		8342291022276BBF00E45202 /* b2PolygonAndCircleContact.cpp */ = {isa = PBXFileReference; fileEncoding = 4; lastKnownFileType = sourcecode.cpp.cpp; path = b2PolygonAndCircleContact.cpp; sourceTree = "<group>"; };
		8342291122276BBF00E45202 /* b2Contact.h */ = {isa = PBXFileReference; fileEncoding = 4; lastKnownFileType = sourcecode.c.h; path = b2Contact.h; sourceTree = "<group>"; };
		8342291222276BBF00E45202 /* b2PolygonContact.cpp */ = {isa = PBXFileReference; fileEncoding = 4; lastKnownFileType = sourcecode.cpp.cpp; path = b2PolygonContact.cpp; sourceTree = "<group>"; };
		8342291322276BBF00E45202 /* b2CircleContact.h */ = {isa = PBXFileReference; fileEncoding = 4; lastKnownFileType = sourcecode.c.h; path = b2CircleContact.h; sourceTree = "<group>"; };
		8342291422276BBF00E45202 /* b2ChainAndPolygonContact.h */ = {isa = PBXFileReference; fileEncoding = 4; lastKnownFileType = sourcecode.c.h; path = b2ChainAndPolygonContact.h; sourceTree = "<group>"; };
		8342291522276BBF00E45202 /* b2PolygonContact.h */ = {isa = PBXFileReference; fileEncoding = 4; lastKnownFileType = sourcecode.c.h; path = b2PolygonContact.h; sourceTree = "<group>"; };
		8342291622276BBF00E45202 /* b2ContactSolver.cpp */ = {isa = PBXFileReference; fileEncoding = 4; lastKnownFileType = sourcecode.cpp.cpp; path = b2ContactSolver.cpp; sourceTree = "<group>"; };
		8342291722276BBF00E45202 /* b2CircleContact.cpp */ = {isa = PBXFileReference; fileEncoding = 4; lastKnownFileType = sourcecode.cpp.cpp; path = b2CircleContact.cpp; sourceTree = "<group>"; };
		8342291822276BBF00E45202 /* b2EdgeAndCircleContact.cpp */ = {isa = PBXFileReference; fileEncoding = 4; lastKnownFileType = sourcecode.cpp.cpp; path = b2EdgeAndCircleContact.cpp; sourceTree = "<group>"; };
		8342291922276BBF00E45202 /* b2Contact.cpp */ = {isa = PBXFileReference; fileEncoding = 4; lastKnownFileType = sourcecode.cpp.cpp; path = b2Contact.cpp; sourceTree = "<group>"; };
		8342291A22276BBF00E45202 /* b2WorldCallbacks.cpp */ = {isa = PBXFileReference; fileEncoding = 4; lastKnownFileType = sourcecode.cpp.cpp; path = b2WorldCallbacks.cpp; sourceTree = "<group>"; };
		8342291C22276BBF00E45202 /* b2WeldJoint.cpp */ = {isa = PBXFileReference; fileEncoding = 4; lastKnownFileType = sourcecode.cpp.cpp; path = b2WeldJoint.cpp; sourceTree = "<group>"; };
		8342291D22276BBF00E45202 /* b2MouseJoint.cpp */ = {isa = PBXFileReference; fileEncoding = 4; lastKnownFileType = sourcecode.cpp.cpp; path = b2MouseJoint.cpp; sourceTree = "<group>"; };
		8342291E22276BBF00E45202 /* b2FrictionJoint.cpp */ = {isa = PBXFileReference; fileEncoding = 4; lastKnownFileType = sourcecode.cpp.cpp; path = b2FrictionJoint.cpp; sourceTree = "<group>"; };
		8342291F22276BBF00E45202 /* b2PrismaticJoint.h */ = {isa = PBXFileReference; fileEncoding = 4; lastKnownFileType = sourcecode.c.h; path = b2PrismaticJoint.h; sourceTree = "<group>"; };
		8342292022276BBF00E45202 /* b2PulleyJoint.h */ = {isa = PBXFileReference; fileEncoding = 4; lastKnownFileType = sourcecode.c.h; path = b2PulleyJoint.h; sourceTree = "<group>"; };
		8342292122276BBF00E45202 /* b2RopeJoint.h */ = {isa = PBXFileReference; fileEncoding = 4; lastKnownFileType = sourcecode.c.h; path = b2RopeJoint.h; sourceTree = "<group>"; };
		8342292222276BBF00E45202 /* b2WeldJoint.h */ = {isa = PBXFileReference; fileEncoding = 4; lastKnownFileType = sourcecode.c.h; path = b2WeldJoint.h; sourceTree = "<group>"; };
		8342292322276BBF00E45202 /* b2GearJoint.h */ = {isa = PBXFileReference; fileEncoding = 4; lastKnownFileType = sourcecode.c.h; path = b2GearJoint.h; sourceTree = "<group>"; };
		8342292422276BBF00E45202 /* b2DistanceJoint.h */ = {isa = PBXFileReference; fileEncoding = 4; lastKnownFileType = sourcecode.c.h; path = b2DistanceJoint.h; sourceTree = "<group>"; };
		8342292522276BBF00E45202 /* b2MouseJoint.h */ = {isa = PBXFileReference; fileEncoding = 4; lastKnownFileType = sourcecode.c.h; path = b2MouseJoint.h; sourceTree = "<group>"; };
		8342292622276BBF00E45202 /* b2DistanceJoint.cpp */ = {isa = PBXFileReference; fileEncoding = 4; lastKnownFileType = sourcecode.cpp.cpp; path = b2DistanceJoint.cpp; sourceTree = "<group>"; };
		8342292722276BBF00E45202 /* b2WheelJoint.cpp */ = {isa = PBXFileReference; fileEncoding = 4; lastKnownFileType = sourcecode.cpp.cpp; path = b2WheelJoint.cpp; sourceTree = "<group>"; };
		8342292822276BBF00E45202 /* b2MotorJoint.cpp */ = {isa = PBXFileReference; fileEncoding = 4; lastKnownFileType = sourcecode.cpp.cpp; path = b2MotorJoint.cpp; sourceTree = "<group>"; };
		8342292922276BBF00E45202 /* b2Joint.h */ = {isa = PBXFileReference; fileEncoding = 4; lastKnownFileType = sourcecode.c.h; path = b2Joint.h; sourceTree = "<group>"; };
		8342292A22276BBF00E45202 /* b2RevoluteJoint.h */ = {isa = PBXFileReference; fileEncoding = 4; lastKnownFileType = sourcecode.c.h; path = b2RevoluteJoint.h; sourceTree = "<group>"; };
		8342292B22276BBF00E45202 /* b2RevoluteJoint.cpp */ = {isa = PBXFileReference; fileEncoding = 4; lastKnownFileType = sourcecode.cpp.cpp; path = b2RevoluteJoint.cpp; sourceTree = "<group>"; };
		8342292C22276BBF00E45202 /* b2FrictionJoint.h */ = {isa = PBXFileReference; fileEncoding = 4; lastKnownFileType = sourcecode.c.h; path = b2FrictionJoint.h; sourceTree = "<group>"; };
		8342292D22276BBF00E45202 /* b2GearJoint.cpp */ = {isa = PBXFileReference; fileEncoding = 4; lastKnownFileType = sourcecode.cpp.cpp; path = b2GearJoint.cpp; sourceTree = "<group>"; };
		8342292E22276BBF00E45202 /* b2Joint.cpp */ = {isa = PBXFileReference; fileEncoding = 4; lastKnownFileType = sourcecode.cpp.cpp; path = b2Joint.cpp; sourceTree = "<group>"; };
		8342292F22276BBF00E45202 /* b2PrismaticJoint.cpp */ = {isa = PBXFileReference; fileEncoding = 4; lastKnownFileType = sourcecode.cpp.cpp; path = b2PrismaticJoint.cpp; sourceTree = "<group>"; };
		8342293022276BBF00E45202 /* b2PulleyJoint.cpp */ = {isa = PBXFileReference; fileEncoding = 4; lastKnownFileType = sourcecode.cpp.cpp; path = b2PulleyJoint.cpp; sourceTree = "<group>"; };
		8342293122276BBF00E45202 /* b2WheelJoint.h */ = {isa = PBXFileReference; fileEncoding = 4; lastKnownFileType = sourcecode.c.h; path = b2WheelJoint.h; sourceTree = "<group>"; };
		8342293222276BBF00E45202 /* b2RopeJoint.cpp */ = {isa = PBXFileReference; fileEncoding = 4; lastKnownFileType = sourcecode.cpp.cpp; path = b2RopeJoint.cpp; sourceTree = "<group>"; };
		8342293322276BBF00E45202 /* b2MotorJoint.h */ = {isa = PBXFileReference; fileEncoding = 4; lastKnownFileType = sourcecode.c.h; path = b2MotorJoint.h; sourceTree = "<group>"; };
		8342293422276BBF00E45202 /* b2Body.h */ = {isa = PBXFileReference; fileEncoding = 4; lastKnownFileType = sourcecode.c.h; path = b2Body.h; sourceTree = "<group>"; };
		8342293522276BBF00E45202 /* b2Island.cpp */ = {isa = PBXFileReference; fileEncoding = 4; lastKnownFileType = sourcecode.cpp.cpp; path = b2Island.cpp; sourceTree = "<group>"; };
		8342293622276BBF00E45202 /* b2Fixture.h */ = {isa = PBXFileReference; fileEncoding = 4; lastKnownFileType = sourcecode.c.h; path = b2Fixture.h; sourceTree = "<group>"; };
		8342293722276BBF00E45202 /* b2TimeStep.h */ = {isa = PBXFileReference; fileEncoding = 4; lastKnownFileType = sourcecode.c.h; path = b2TimeStep.h; sourceTree = "<group>"; };
		8342293822276BBF00E45202 /* b2WorldCallbacks.h */ = {isa = PBXFileReference; fileEncoding = 4; lastKnownFileType = sourcecode.c.h; path = b2WorldCallbacks.h; sourceTree = "<group>"; };
		8342293922276BBF00E45202 /* b2ContactManager.h */ = {isa = PBXFileReference; fileEncoding = 4; lastKnownFileType = sourcecode.c.h; path = b2ContactManager.h; sourceTree = "<group>"; };
		8342293A22276BBF00E45202 /* b2Island.h */ = {isa = PBXFileReference; fileEncoding = 4; lastKnownFileType = sourcecode.c.h; path = b2Island.h; sourceTree = "<group>"; };
		8342293B22276BBF00E45202 /* b2ContactManager.cpp */ = {isa = PBXFileReference; fileEncoding = 4; lastKnownFileType = sourcecode.cpp.cpp; path = b2ContactManager.cpp; sourceTree = "<group>"; };
		8342293C22276BBF00E45202 /* Box2D.h */ = {isa = PBXFileReference; fileEncoding = 4; lastKnownFileType = sourcecode.c.h; path = Box2D.h; sourceTree = "<group>"; };
		8342293E22276BBF00E45202 /* b2Rope.h */ = {isa = PBXFileReference; fileEncoding = 4; lastKnownFileType = sourcecode.c.h; path = b2Rope.h; sourceTree = "<group>"; };
		8342293F22276BBF00E45202 /* b2Rope.cpp */ = {isa = PBXFileReference; fileEncoding = 4; lastKnownFileType = sourcecode.cpp.cpp; path = b2Rope.cpp; sourceTree = "<group>"; };
		8342294122276BBF00E45202 /* b2StackAllocator.h */ = {isa = PBXFileReference; fileEncoding = 4; lastKnownFileType = sourcecode.c.h; path = b2StackAllocator.h; sourceTree = "<group>"; };
		8342294222276BBF00E45202 /* b2Draw.cpp */ = {isa = PBXFileReference; fileEncoding = 4; lastKnownFileType = sourcecode.cpp.cpp; path = b2Draw.cpp; sourceTree = "<group>"; };
		8342294322276BBF00E45202 /* b2GrowableStack.h */ = {isa = PBXFileReference; fileEncoding = 4; lastKnownFileType = sourcecode.c.h; path = b2GrowableStack.h; sourceTree = "<group>"; };
		8342294422276BBF00E45202 /* b2BlockAllocator.cpp */ = {isa = PBXFileReference; fileEncoding = 4; lastKnownFileType = sourcecode.cpp.cpp; path = b2BlockAllocator.cpp; sourceTree = "<group>"; };
		8342294522276BBF00E45202 /* b2BlockAllocator.h */ = {isa = PBXFileReference; fileEncoding = 4; lastKnownFileType = sourcecode.c.h; path = b2BlockAllocator.h; sourceTree = "<group>"; };
		8342294622276BBF00E45202 /* b2Settings.cpp */ = {isa = PBXFileReference; fileEncoding = 4; lastKnownFileType = sourcecode.cpp.cpp; path = b2Settings.cpp; sourceTree = "<group>"; };
		8342294722276BBF00E45202 /* b2Timer.h */ = {isa = PBXFileReference; fileEncoding = 4; lastKnownFileType = sourcecode.c.h; path = b2Timer.h; sourceTree = "<group>"; };
		8342294822276BBF00E45202 /* b2Timer.cpp */ = {isa = PBXFileReference; fileEncoding = 4; lastKnownFileType = sourcecode.cpp.cpp; path = b2Timer.cpp; sourceTree = "<group>"; };
		8342294922276BBF00E45202 /* b2Math.h */ = {isa = PBXFileReference; fileEncoding = 4; lastKnownFileType = sourcecode.c.h; path = b2Math.h; sourceTree = "<group>"; };
		8342294A22276BBF00E45202 /* b2StackAllocator.cpp */ = {isa = PBXFileReference; fileEncoding = 4; lastKnownFileType = sourcecode.cpp.cpp; path = b2StackAllocator.cpp; sourceTree = "<group>"; };
		8342294B22276BBF00E45202 /* b2Math.cpp */ = {isa = PBXFileReference; fileEncoding = 4; lastKnownFileType = sourcecode.cpp.cpp; path = b2Math.cpp; sourceTree = "<group>"; };
		8342294C22276BBF00E45202 /* b2Draw.h */ = {isa = PBXFileReference; fileEncoding = 4; lastKnownFileType = sourcecode.c.h; path = b2Draw.h; sourceTree = "<group>"; };
		8342294D22276BBF00E45202 /* b2Settings.h */ = {isa = PBXFileReference; fileEncoding = 4; lastKnownFileType = sourcecode.c.h; path = b2Settings.h; sourceTree = "<group>"; };
		8342294F22276BBF00E45202 /* b2Collision.h */ = {isa = PBXFileReference; fileEncoding = 4; lastKnownFileType = sourcecode.c.h; path = b2Collision.h; sourceTree = "<group>"; };
		8342295022276BBF00E45202 /* b2Distance.cpp */ = {isa = PBXFileReference; fileEncoding = 4; lastKnownFileType = sourcecode.cpp.cpp; path = b2Distance.cpp; sourceTree = "<group>"; };
		8342295122276BBF00E45202 /* b2CollideCircle.cpp */ = {isa = PBXFileReference; fileEncoding = 4; lastKnownFileType = sourcecode.cpp.cpp; path = b2CollideCircle.cpp; sourceTree = "<group>"; };
		8342295222276BBF00E45202 /* b2CollidePolygon.cpp */ = {isa = PBXFileReference; fileEncoding = 4; lastKnownFileType = sourcecode.cpp.cpp; path = b2CollidePolygon.cpp; sourceTree = "<group>"; };
		8342295322276BBF00E45202 /* b2DynamicTree.cpp */ = {isa = PBXFileReference; fileEncoding = 4; lastKnownFileType = sourcecode.cpp.cpp; path = b2DynamicTree.cpp; sourceTree = "<group>"; };
		8342295422276BBF00E45202 /* b2DynamicTree.h */ = {isa = PBXFileReference; fileEncoding = 4; lastKnownFileType = sourcecode.c.h; path = b2DynamicTree.h; sourceTree = "<group>"; };
		8342295622276BBF00E45202 /* b2ChainShape.cpp */ = {isa = PBXFileReference; fileEncoding = 4; lastKnownFileType = sourcecode.cpp.cpp; path = b2ChainShape.cpp; sourceTree = "<group>"; };
		8342295722276BBF00E45202 /* b2PolygonShape.h */ = {isa = PBXFileReference; fileEncoding = 4; lastKnownFileType = sourcecode.c.h; path = b2PolygonShape.h; sourceTree = "<group>"; };
		8342295822276BBF00E45202 /* b2Shape.h */ = {isa = PBXFileReference; fileEncoding = 4; lastKnownFileType = sourcecode.c.h; path = b2Shape.h; sourceTree = "<group>"; };
		8342295922276BBF00E45202 /* b2ChainShape.h */ = {isa = PBXFileReference; fileEncoding = 4; lastKnownFileType = sourcecode.c.h; path = b2ChainShape.h; sourceTree = "<group>"; };
		8342295A22276BBF00E45202 /* b2EdgeShape.cpp */ = {isa = PBXFileReference; fileEncoding = 4; lastKnownFileType = sourcecode.cpp.cpp; path = b2EdgeShape.cpp; sourceTree = "<group>"; };
		8342295B22276BBF00E45202 /* b2CircleShape.cpp */ = {isa = PBXFileReference; fileEncoding = 4; lastKnownFileType = sourcecode.cpp.cpp; path = b2CircleShape.cpp; sourceTree = "<group>"; };
		8342295C22276BBF00E45202 /* b2PolygonShape.cpp */ = {isa = PBXFileReference; fileEncoding = 4; lastKnownFileType = sourcecode.cpp.cpp; path = b2PolygonShape.cpp; sourceTree = "<group>"; };
		8342295D22276BBF00E45202 /* b2EdgeShape.h */ = {isa = PBXFileReference; fileEncoding = 4; lastKnownFileType = sourcecode.c.h; path = b2EdgeShape.h; sourceTree = "<group>"; };
		8342295E22276BBF00E45202 /* b2CircleShape.h */ = {isa = PBXFileReference; fileEncoding = 4; lastKnownFileType = sourcecode.c.h; path = b2CircleShape.h; sourceTree = "<group>"; };
		8342295F22276BBF00E45202 /* b2TimeOfImpact.h */ = {isa = PBXFileReference; fileEncoding = 4; lastKnownFileType = sourcecode.c.h; path = b2TimeOfImpact.h; sourceTree = "<group>"; };
		8342296022276BBF00E45202 /* b2TimeOfImpact.cpp */ = {isa = PBXFileReference; fileEncoding = 4; lastKnownFileType = sourcecode.cpp.cpp; path = b2TimeOfImpact.cpp; sourceTree = "<group>"; };
		8342296122276BBF00E45202 /* b2BroadPhase.cpp */ = {isa = PBXFileReference; fileEncoding = 4; lastKnownFileType = sourcecode.cpp.cpp; path = b2BroadPhase.cpp; sourceTree = "<group>"; };
		8342296222276BBF00E45202 /* b2BroadPhase.h */ = {isa = PBXFileReference; fileEncoding = 4; lastKnownFileType = sourcecode.c.h; path = b2BroadPhase.h; sourceTree = "<group>"; };
		8342296322276BBF00E45202 /* b2Distance.h */ = {isa = PBXFileReference; fileEncoding = 4; lastKnownFileType = sourcecode.c.h; path = b2Distance.h; sourceTree = "<group>"; };
		8342296422276BBF00E45202 /* b2CollideEdge.cpp */ = {isa = PBXFileReference; fileEncoding = 4; lastKnownFileType = sourcecode.cpp.cpp; path = b2CollideEdge.cpp; sourceTree = "<group>"; };
		8342296522276BBF00E45202 /* b2Collision.cpp */ = {isa = PBXFileReference; fileEncoding = 4; lastKnownFileType = sourcecode.cpp.cpp; path = b2Collision.cpp; sourceTree = "<group>"; };
		8342299522276E3B00E45202 /* cxBoxWorld.h */ = {isa = PBXFileReference; lastKnownFileType = sourcecode.c.h; path = cxBoxWorld.h; sourceTree = "<group>"; };
		8342299622276E3B00E45202 /* cxBoxWorld.cpp */ = {isa = PBXFileReference; lastKnownFileType = sourcecode.cpp.cpp; path = cxBoxWorld.cpp; sourceTree = "<group>"; };
		8342299822276EF600E45202 /* cxBoxBody.h */ = {isa = PBXFileReference; lastKnownFileType = sourcecode.c.h; path = cxBoxBody.h; sourceTree = "<group>"; };
		8342299922276EF600E45202 /* cxBoxBody.cpp */ = {isa = PBXFileReference; lastKnownFileType = sourcecode.cpp.cpp; path = cxBoxBody.cpp; sourceTree = "<group>"; };
		834A1CFF1E69AEC900751690 /* jlbox.lqt */ = {isa = PBXFileReference; lastKnownFileType = file; path = jlbox.lqt; sourceTree = "<group>"; };
		834A1D011E69AF3C00751690 /* jl1000.lqt */ = {isa = PBXFileReference; lastKnownFileType = file; path = jl1000.lqt; sourceTree = "<group>"; };
		834A1D051E69AFE800751690 /* jl.lqt */ = {isa = PBXFileReference; lastKnownFileType = file; path = jl.lqt; sourceTree = "<group>"; };
		83546A451B3127F700FFE1E7 /* Game.cpp */ = {isa = PBXFileReference; fileEncoding = 4; lastKnownFileType = sourcecode.cpp.cpp; path = Game.cpp; sourceTree = "<group>"; };
		83546A461B3127F700FFE1E7 /* Game.h */ = {isa = PBXFileReference; fileEncoding = 4; lastKnownFileType = sourcecode.c.h; path = Game.h; sourceTree = "<group>"; };
		83651247215F565D000D29CB /* main.mm */ = {isa = PBXFileReference; fileEncoding = 4; lastKnownFileType = sourcecode.cpp.objcpp; path = main.mm; sourceTree = "<group>"; };
		8365124A215F56C5000D29CB /* CoreGraphics.framework */ = {isa = PBXFileReference; lastKnownFileType = wrapper.framework; name = CoreGraphics.framework; path = System/Library/Frameworks/CoreGraphics.framework; sourceTree = SDKROOT; };
		8365124D215F56DD000D29CB /* CoreText.framework */ = {isa = PBXFileReference; lastKnownFileType = wrapper.framework; name = CoreText.framework; path = System/Library/Frameworks/CoreText.framework; sourceTree = SDKROOT; };
		8365124F215F56E6000D29CB /* UIKit.framework */ = {isa = PBXFileReference; lastKnownFileType = wrapper.framework; name = UIKit.framework; path = System/Library/Frameworks/UIKit.framework; sourceTree = SDKROOT; };
		836DD1201B2C26CE0094F5EF /* shader */ = {isa = PBXFileReference; lastKnownFileType = folder; path = shader; sourceTree = "<group>"; };
		836E30431B5E2ABF00ED8BDC /* Sea.cpp */ = {isa = PBXFileReference; fileEncoding = 4; lastKnownFileType = sourcecode.cpp.cpp; path = Sea.cpp; sourceTree = "<group>"; };
		836E30441B5E2ABF00ED8BDC /* Sea.h */ = {isa = PBXFileReference; fileEncoding = 4; lastKnownFileType = sourcecode.c.h; path = Sea.h; sourceTree = "<group>"; };
		836E30481B5E2B4C00ED8BDC /* foam.png */ = {isa = PBXFileReference; lastKnownFileType = image.png; path = foam.png; sourceTree = "<group>"; };
		836E30491B5E2B4C00ED8BDC /* water.fsh */ = {isa = PBXFileReference; fileEncoding = 4; lastKnownFileType = sourcecode.glsl; path = water.fsh; sourceTree = "<group>"; };
		836E304A1B5E2B4C00ED8BDC /* water.png */ = {isa = PBXFileReference; lastKnownFileType = image.png; path = water.png; sourceTree = "<group>"; };
		836E304B1B5E2B4C00ED8BDC /* water.vsh */ = {isa = PBXFileReference; fileEncoding = 4; lastKnownFileType = sourcecode.glsl; path = water.vsh; sourceTree = "<group>"; };
		839836B61B10978A002B7C20 /* cxEngineCore.xcodeproj */ = {isa = PBXFileReference; lastKnownFileType = "wrapper.pb-project"; path = cxEngineCore.xcodeproj; sourceTree = "<group>"; };
		839B8AEA1B68D6EF009E0CF7 /* finch.wav */ = {isa = PBXFileReference; lastKnownFileType = audio.wav; path = finch.wav; sourceTree = "<group>"; };
		839B8AF01B68DD3A009E0CF7 /* o.wav */ = {isa = PBXFileReference; lastKnownFileType = audio.wav; path = o.wav; sourceTree = "<group>"; };
		839FD5B81FB30FAE003C7899 /* Move.cpp */ = {isa = PBXFileReference; lastKnownFileType = sourcecode.cpp.cpp; path = Move.cpp; sourceTree = "<group>"; };
		839FD5B91FB30FAE003C7899 /* Move.h */ = {isa = PBXFileReference; lastKnownFileType = sourcecode.c.h; path = Move.h; sourceTree = "<group>"; };
		839FD5BC1FB40B95003C7899 /* Point.cpp */ = {isa = PBXFileReference; fileEncoding = 4; lastKnownFileType = sourcecode.cpp.cpp; path = Point.cpp; sourceTree = "<group>"; };
		839FD5BD1FB40B95003C7899 /* Point.h */ = {isa = PBXFileReference; fileEncoding = 4; lastKnownFileType = sourcecode.c.h; path = Point.h; sourceTree = "<group>"; };
		83AFD45B211450680061E924 /* OpenAL.framework */ = {isa = PBXFileReference; lastKnownFileType = wrapper.framework; name = OpenAL.framework; path = System/Library/Frameworks/OpenAL.framework; sourceTree = SDKROOT; };
		83AFD45C211450680061E924 /* OpenGLES.framework */ = {isa = PBXFileReference; lastKnownFileType = wrapper.framework; name = OpenGLES.framework; path = System/Library/Frameworks/OpenGLES.framework; sourceTree = SDKROOT; };
		83AFD45F2114506C0061E924 /* GLKit.framework */ = {isa = PBXFileReference; lastKnownFileType = wrapper.framework; name = GLKit.framework; path = System/Library/Frameworks/GLKit.framework; sourceTree = SDKROOT; };
		83AFD461211450710061E924 /* libz.tbd */ = {isa = PBXFileReference; lastKnownFileType = "sourcecode.text-based-dylib-definition"; name = libz.tbd; path = usr/lib/libz.tbd; sourceTree = SDKROOT; };
		83AFD4632114507B0061E924 /* libpng.a */ = {isa = PBXFileReference; lastKnownFileType = archive.ar; name = libpng.a; path = ios/lib/libpng.a; sourceTree = "<group>"; };
		83AFD4642114507B0061E924 /* libuv.a */ = {isa = PBXFileReference; lastKnownFileType = archive.ar; name = libuv.a; path = ios/lib/libuv.a; sourceTree = "<group>"; };
		83B3B9E521E9C21D0044CFB0 /* CoreMedia.framework */ = {isa = PBXFileReference; lastKnownFileType = wrapper.framework; name = CoreMedia.framework; path = System/Library/Frameworks/CoreMedia.framework; sourceTree = SDKROOT; };
		83B3B9E721E9C22A0044CFB0 /* AudioToolbox.framework */ = {isa = PBXFileReference; lastKnownFileType = wrapper.framework; name = AudioToolbox.framework; path = System/Library/Frameworks/AudioToolbox.framework; sourceTree = SDKROOT; };
		83B3B9E921E9C2340044CFB0 /* MediaPlayer.framework */ = {isa = PBXFileReference; lastKnownFileType = wrapper.framework; name = MediaPlayer.framework; path = System/Library/Frameworks/MediaPlayer.framework; sourceTree = SDKROOT; };
		83B3B9EB21E9C2430044CFB0 /* AVFoundation.framework */ = {isa = PBXFileReference; lastKnownFileType = wrapper.framework; name = AVFoundation.framework; path = System/Library/Frameworks/AVFoundation.framework; sourceTree = SDKROOT; };
		83B6E31F1E2A006A00C9C6AB /* bg.png */ = {isa = PBXFileReference; lastKnownFileType = image.png; path = bg.png; sourceTree = "<group>"; };
		83C410D91E28B3C90027FAFC /* penhuo1_xia.xml */ = {isa = PBXFileReference; fileEncoding = 4; lastKnownFileType = text.xml; path = penhuo1_xia.xml; sourceTree = "<group>"; wrapsLines = 1; };
		83CD01A61E2CEB60006FC20F /* penhuo.xml */ = {isa = PBXFileReference; fileEncoding = 4; lastKnownFileType = text.xml; path = penhuo.xml; sourceTree = "<group>"; };
		83D8C3561B69E46400155990 /* battle_lost_02.mp3 */ = {isa = PBXFileReference; lastKnownFileType = audio.mp3; path = battle_lost_02.mp3; sourceTree = "<group>"; };
		83D92D261B315E7200F061D6 /* animate.json */ = {isa = PBXFileReference; fileEncoding = 4; lastKnownFileType = text.json; path = animate.json; sourceTree = "<group>"; };
		83D92D271B315E7200F061D6 /* animate.png */ = {isa = PBXFileReference; lastKnownFileType = image.png; path = animate.png; sourceTree = "<group>"; };
		83E6F6441B0C97B5006839C8 /* cxEngineTest.app */ = {isa = PBXFileReference; explicitFileType = wrapper.application; includeInIndex = 0; path = cxEngineTest.app; sourceTree = BUILT_PRODUCTS_DIR; };
		83E6F6481B0C97B5006839C8 /* Info.plist */ = {isa = PBXFileReference; lastKnownFileType = text.plist.xml; path = Info.plist; sourceTree = "<group>"; };
		83E6F6571B0C97B5006839C8 /* Base */ = {isa = PBXFileReference; lastKnownFileType = file.xib; name = Base; path = Base.lproj/LaunchScreen.xib; sourceTree = "<group>"; };
		83E886DB1B68F970001C0727 /* test.mp3 */ = {isa = PBXFileReference; lastKnownFileType = audio.mp3; path = test.mp3; sourceTree = "<group>"; };
		83F45E891E2CECB20083C886 /* penhuo1_1.xml */ = {isa = PBXFileReference; fileEncoding = 4; lastKnownFileType = text.xml; path = penhuo1_1.xml; sourceTree = "<group>"; };
		83F5D0B21CE570A600690B86 /* actions.csv */ = {isa = PBXFileReference; fileEncoding = 4; lastKnownFileType = text; path = actions.csv; sourceTree = "<group>"; };
		83F5D0B41CE570A600690B86 /* frames.csv */ = {isa = PBXFileReference; fileEncoding = 4; lastKnownFileType = text; path = frames.csv; sourceTree = "<group>"; };
		83F5D0C21CE5BB5400690B86 /* texts.csv */ = {isa = PBXFileReference; fileEncoding = 4; lastKnownFileType = text; path = texts.csv; sourceTree = "<group>"; };
		83F5D0C41CE5BE0400690B86 /* configs.csv */ = {isa = PBXFileReference; fileEncoding = 4; lastKnownFileType = text; path = configs.csv; sourceTree = "<group>"; };
/* End PBXFileReference section */

/* Begin PBXFrameworksBuildPhase section */
		83E6F6411B0C97B5006839C8 /* Frameworks */ = {
			isa = PBXFrameworksBuildPhase;
			buildActionMask = 2147483647;
			files = (
				83651253215F5706000D29CB /* CoreGraphics.framework in Frameworks */,
				83651252215F5700000D29CB /* CoreText.framework in Frameworks */,
				83651250215F56E6000D29CB /* UIKit.framework in Frameworks */,
				83AFD4652114507B0061E924 /* libpng.a in Frameworks */,
				83AFD4662114507B0061E924 /* libuv.a in Frameworks */,
				83AFD462211450710061E924 /* libz.tbd in Frameworks */,
				83AFD4602114506C0061E924 /* GLKit.framework in Frameworks */,
				83AFD45D211450680061E924 /* OpenAL.framework in Frameworks */,
				83AFD45E211450680061E924 /* OpenGLES.framework in Frameworks */,
				839836BF1B109793002B7C20 /* libcxEngineCore.a in Frameworks */,
			);
			runOnlyForDeploymentPostprocessing = 0;
		};
/* End PBXFrameworksBuildPhase section */

/* Begin PBXGroup section */
		8342290122276BBF00E45202 /* Box2D */ = {
			isa = PBXGroup;
			children = (
				8342290222276BBF00E45202 /* Dynamics */,
				8342293C22276BBF00E45202 /* Box2D.h */,
				8342293D22276BBF00E45202 /* Rope */,
				8342294022276BBF00E45202 /* Common */,
				8342294E22276BBF00E45202 /* Collision */,
				8342299522276E3B00E45202 /* cxBoxWorld.h */,
				8342299622276E3B00E45202 /* cxBoxWorld.cpp */,
				8342299822276EF600E45202 /* cxBoxBody.h */,
				8342299922276EF600E45202 /* cxBoxBody.cpp */,
			);
			path = Box2D;
			sourceTree = SOURCE_ROOT;
		};
		8342290222276BBF00E45202 /* Dynamics */ = {
			isa = PBXGroup;
			children = (
				8342290322276BBF00E45202 /* b2Body.cpp */,
				8342290422276BBF00E45202 /* b2World.cpp */,
				8342290522276BBF00E45202 /* b2Fixture.cpp */,
				8342290622276BBF00E45202 /* b2World.h */,
				8342290722276BBF00E45202 /* Contacts */,
				8342291A22276BBF00E45202 /* b2WorldCallbacks.cpp */,
				8342291B22276BBF00E45202 /* Joints */,
				8342293422276BBF00E45202 /* b2Body.h */,
				8342293522276BBF00E45202 /* b2Island.cpp */,
				8342293622276BBF00E45202 /* b2Fixture.h */,
				8342293722276BBF00E45202 /* b2TimeStep.h */,
				8342293822276BBF00E45202 /* b2WorldCallbacks.h */,
				8342293922276BBF00E45202 /* b2ContactManager.h */,
				8342293A22276BBF00E45202 /* b2Island.h */,
				8342293B22276BBF00E45202 /* b2ContactManager.cpp */,
			);
			path = Dynamics;
			sourceTree = "<group>";
		};
		8342290722276BBF00E45202 /* Contacts */ = {
			isa = PBXGroup;
			children = (
				8342290822276BBF00E45202 /* b2ContactSolver.h */,
				8342290922276BBF00E45202 /* b2ChainAndCircleContact.h */,
				8342290A22276BBF00E45202 /* b2PolygonAndCircleContact.h */,
				8342290B22276BBF00E45202 /* b2EdgeAndCircleContact.h */,
				8342290C22276BBF00E45202 /* b2ChainAndPolygonContact.cpp */,
				8342290D22276BBF00E45202 /* b2EdgeAndPolygonContact.h */,
				8342290E22276BBF00E45202 /* b2EdgeAndPolygonContact.cpp */,
				8342290F22276BBF00E45202 /* b2ChainAndCircleContact.cpp */,
				8342291022276BBF00E45202 /* b2PolygonAndCircleContact.cpp */,
				8342291122276BBF00E45202 /* b2Contact.h */,
				8342291222276BBF00E45202 /* b2PolygonContact.cpp */,
				8342291322276BBF00E45202 /* b2CircleContact.h */,
				8342291422276BBF00E45202 /* b2ChainAndPolygonContact.h */,
				8342291522276BBF00E45202 /* b2PolygonContact.h */,
				8342291622276BBF00E45202 /* b2ContactSolver.cpp */,
				8342291722276BBF00E45202 /* b2CircleContact.cpp */,
				8342291822276BBF00E45202 /* b2EdgeAndCircleContact.cpp */,
				8342291922276BBF00E45202 /* b2Contact.cpp */,
			);
			path = Contacts;
			sourceTree = "<group>";
		};
		8342291B22276BBF00E45202 /* Joints */ = {
			isa = PBXGroup;
			children = (
				8342291C22276BBF00E45202 /* b2WeldJoint.cpp */,
				8342291D22276BBF00E45202 /* b2MouseJoint.cpp */,
				8342291E22276BBF00E45202 /* b2FrictionJoint.cpp */,
				8342291F22276BBF00E45202 /* b2PrismaticJoint.h */,
				8342292022276BBF00E45202 /* b2PulleyJoint.h */,
				8342292122276BBF00E45202 /* b2RopeJoint.h */,
				8342292222276BBF00E45202 /* b2WeldJoint.h */,
				8342292322276BBF00E45202 /* b2GearJoint.h */,
				8342292422276BBF00E45202 /* b2DistanceJoint.h */,
				8342292522276BBF00E45202 /* b2MouseJoint.h */,
				8342292622276BBF00E45202 /* b2DistanceJoint.cpp */,
				8342292722276BBF00E45202 /* b2WheelJoint.cpp */,
				8342292822276BBF00E45202 /* b2MotorJoint.cpp */,
				8342292922276BBF00E45202 /* b2Joint.h */,
				8342292A22276BBF00E45202 /* b2RevoluteJoint.h */,
				8342292B22276BBF00E45202 /* b2RevoluteJoint.cpp */,
				8342292C22276BBF00E45202 /* b2FrictionJoint.h */,
				8342292D22276BBF00E45202 /* b2GearJoint.cpp */,
				8342292E22276BBF00E45202 /* b2Joint.cpp */,
				8342292F22276BBF00E45202 /* b2PrismaticJoint.cpp */,
				8342293022276BBF00E45202 /* b2PulleyJoint.cpp */,
				8342293122276BBF00E45202 /* b2WheelJoint.h */,
				8342293222276BBF00E45202 /* b2RopeJoint.cpp */,
				8342293322276BBF00E45202 /* b2MotorJoint.h */,
			);
			path = Joints;
			sourceTree = "<group>";
		};
		8342293D22276BBF00E45202 /* Rope */ = {
			isa = PBXGroup;
			children = (
				8342293E22276BBF00E45202 /* b2Rope.h */,
				8342293F22276BBF00E45202 /* b2Rope.cpp */,
			);
			path = Rope;
			sourceTree = "<group>";
		};
		8342294022276BBF00E45202 /* Common */ = {
			isa = PBXGroup;
			children = (
				8342294122276BBF00E45202 /* b2StackAllocator.h */,
				8342294222276BBF00E45202 /* b2Draw.cpp */,
				8342294322276BBF00E45202 /* b2GrowableStack.h */,
				8342294422276BBF00E45202 /* b2BlockAllocator.cpp */,
				8342294522276BBF00E45202 /* b2BlockAllocator.h */,
				8342294622276BBF00E45202 /* b2Settings.cpp */,
				8342294722276BBF00E45202 /* b2Timer.h */,
				8342294822276BBF00E45202 /* b2Timer.cpp */,
				8342294922276BBF00E45202 /* b2Math.h */,
				8342294A22276BBF00E45202 /* b2StackAllocator.cpp */,
				8342294B22276BBF00E45202 /* b2Math.cpp */,
				8342294C22276BBF00E45202 /* b2Draw.h */,
				8342294D22276BBF00E45202 /* b2Settings.h */,
			);
			path = Common;
			sourceTree = "<group>";
		};
		8342294E22276BBF00E45202 /* Collision */ = {
			isa = PBXGroup;
			children = (
				8342294F22276BBF00E45202 /* b2Collision.h */,
				8342295022276BBF00E45202 /* b2Distance.cpp */,
				8342295122276BBF00E45202 /* b2CollideCircle.cpp */,
				8342295222276BBF00E45202 /* b2CollidePolygon.cpp */,
				8342295322276BBF00E45202 /* b2DynamicTree.cpp */,
				8342295422276BBF00E45202 /* b2DynamicTree.h */,
				8342295522276BBF00E45202 /* Shapes */,
				8342295F22276BBF00E45202 /* b2TimeOfImpact.h */,
				8342296022276BBF00E45202 /* b2TimeOfImpact.cpp */,
				8342296122276BBF00E45202 /* b2BroadPhase.cpp */,
				8342296222276BBF00E45202 /* b2BroadPhase.h */,
				8342296322276BBF00E45202 /* b2Distance.h */,
				8342296422276BBF00E45202 /* b2CollideEdge.cpp */,
				8342296522276BBF00E45202 /* b2Collision.cpp */,
			);
			path = Collision;
			sourceTree = "<group>";
		};
		8342295522276BBF00E45202 /* Shapes */ = {
			isa = PBXGroup;
			children = (
				8342295622276BBF00E45202 /* b2ChainShape.cpp */,
				8342295722276BBF00E45202 /* b2PolygonShape.h */,
				8342295822276BBF00E45202 /* b2Shape.h */,
				8342295922276BBF00E45202 /* b2ChainShape.h */,
				8342295A22276BBF00E45202 /* b2EdgeShape.cpp */,
				8342295B22276BBF00E45202 /* b2CircleShape.cpp */,
				8342295C22276BBF00E45202 /* b2PolygonShape.cpp */,
				8342295D22276BBF00E45202 /* b2EdgeShape.h */,
				8342295E22276BBF00E45202 /* b2CircleShape.h */,
			);
			path = Shapes;
			sourceTree = "<group>";
		};
		839836B71B10978A002B7C20 /* Products */ = {
			isa = PBXGroup;
			children = (
				839836BC1B10978B002B7C20 /* libcxEngineCore.a */,
			);
			name = Products;
			sourceTree = "<group>";
		};
		83A74F841E28CB6C00827360 /* Frameworks */ = {
			isa = PBXGroup;
			children = (
				83B3B9EB21E9C2430044CFB0 /* AVFoundation.framework */,
				83B3B9E921E9C2340044CFB0 /* MediaPlayer.framework */,
				83B3B9E721E9C22A0044CFB0 /* AudioToolbox.framework */,
				83B3B9E521E9C21D0044CFB0 /* CoreMedia.framework */,
				8365124F215F56E6000D29CB /* UIKit.framework */,
				8365124D215F56DD000D29CB /* CoreText.framework */,
				8365124A215F56C5000D29CB /* CoreGraphics.framework */,
				83AFD4632114507B0061E924 /* libpng.a */,
				83AFD4642114507B0061E924 /* libuv.a */,
				83AFD461211450710061E924 /* libz.tbd */,
				83AFD45F2114506C0061E924 /* GLKit.framework */,
				83AFD45B211450680061E924 /* OpenAL.framework */,
				83AFD45C211450680061E924 /* OpenGLES.framework */,
			);
			name = Frameworks;
			sourceTree = "<group>";
		};
		83E6F63B1B0C97B5006839C8 = {
			isa = PBXGroup;
			children = (
				839836B61B10978A002B7C20 /* cxEngineCore.xcodeproj */,
				83E6F6461B0C97B5006839C8 /* cxEngineTest */,
				83E6F6451B0C97B5006839C8 /* Products */,
				83A74F841E28CB6C00827360 /* Frameworks */,
			);
			sourceTree = "<group>";
		};
		83E6F6451B0C97B5006839C8 /* Products */ = {
			isa = PBXGroup;
			children = (
				83E6F6441B0C97B5006839C8 /* cxEngineTest.app */,
			);
			name = Products;
			sourceTree = "<group>";
		};
		83E6F6461B0C97B5006839C8 /* cxEngineTest */ = {
			isa = PBXGroup;
			children = (
				8342290122276BBF00E45202 /* Box2D */,
				83F45E891E2CECB20083C886 /* penhuo1_1.xml */,
				83651247215F565D000D29CB /* main.mm */,
				83CD01A61E2CEB60006FC20F /* penhuo.xml */,
				83B6E31F1E2A006A00C9C6AB /* bg.png */,
				83C410D91E28B3C90027FAFC /* penhuo1_xia.xml */,
				83F5D0C41CE5BE0400690B86 /* configs.csv */,
				834A1CFF1E69AEC900751690 /* jlbox.lqt */,
				834A1D011E69AF3C00751690 /* jl1000.lqt */,
				834A1D051E69AFE800751690 /* jl.lqt */,
				83F5D0C21CE5BB5400690B86 /* texts.csv */,
				83F5D0B21CE570A600690B86 /* actions.csv */,
				83F5D0B41CE570A600690B86 /* frames.csv */,
				83D8C3561B69E46400155990 /* battle_lost_02.mp3 */,
				83E886DB1B68F970001C0727 /* test.mp3 */,
				839B8AF01B68DD3A009E0CF7 /* o.wav */,
				839B8AEA1B68D6EF009E0CF7 /* finch.wav */,
				836E30481B5E2B4C00ED8BDC /* foam.png */,
				836E30491B5E2B4C00ED8BDC /* water.fsh */,
				836E304A1B5E2B4C00ED8BDC /* water.png */,
				836E304B1B5E2B4C00ED8BDC /* water.vsh */,
				8302A5841B535EC500C7209C /* grid.png */,
				83E6F6471B0C97B5006839C8 /* Supporting Files */,
				83546A451B3127F700FFE1E7 /* Game.cpp */,
				83546A461B3127F700FFE1E7 /* Game.h */,
				8314210D1CE99DD300C140B2 /* Controller.cpp */,
				8314210E1CE99DD300C140B2 /* Controller.h */,
				833D43AF1FB5970D00DFCF83 /* Block.cpp */,
				833D43B01FB5970D00DFCF83 /* Block.h */,
				839FD5B81FB30FAE003C7899 /* Move.cpp */,
				839FD5B91FB30FAE003C7899 /* Move.h */,
				839FD5BC1FB40B95003C7899 /* Point.cpp */,
				839FD5BD1FB40B95003C7899 /* Point.h */,
				83377A5C1CEC2E6000CEB2D8 /* game.shader */,
				83377A5E1CEC2F5800CEB2D8 /* Shader.cpp */,
				83377A5F1CEC2F5800CEB2D8 /* Shader.h */,
				83377A571CEC25A600CEB2D8 /* Map.cpp */,
				83377A581CEC25A600CEB2D8 /* Map.h */,
				836E30431B5E2ABF00ED8BDC /* Sea.cpp */,
				836E30441B5E2ABF00ED8BDC /* Sea.h */,
				8326D0DA1BE9F72000A15879 /* Images.xcassets */,
			);
			name = cxEngineTest;
			path = cxEngine2D;
			sourceTree = "<group>";
		};
		83E6F6471B0C97B5006839C8 /* Supporting Files */ = {
			isa = PBXGroup;
			children = (
				833043CF1B424A1C00636928 /* bg.jpg */,
				8326D0D81BE9F43D00A15879 /* circle.png */,
				830157E11B3BD27C00ED46A8 /* t.png */,
				83D92D261B315E7200F061D6 /* animate.json */,
				83D92D271B315E7200F061D6 /* animate.png */,
				836DD1201B2C26CE0094F5EF /* shader */,
				83E6F6561B0C97B5006839C8 /* LaunchScreen.xib */,
				83E6F6481B0C97B5006839C8 /* Info.plist */,
			);
			name = "Supporting Files";
			sourceTree = "<group>";
		};
/* End PBXGroup section */

/* Begin PBXNativeTarget section */
		83E6F6431B0C97B5006839C8 /* cxEngineTest */ = {
			isa = PBXNativeTarget;
			buildConfigurationList = 83E6F6671B0C97B5006839C8 /* Build configuration list for PBXNativeTarget "cxEngineTest" */;
			buildPhases = (
				83E6F6401B0C97B5006839C8 /* Sources */,
				83E6F6411B0C97B5006839C8 /* Frameworks */,
				83E6F6421B0C97B5006839C8 /* Resources */,
			);
			buildRules = (
			);
			dependencies = (
			);
			name = cxEngineTest;
			productName = cxEngine2D;
			productReference = 83E6F6441B0C97B5006839C8 /* cxEngineTest.app */;
			productType = "com.apple.product-type.application";
		};
/* End PBXNativeTarget section */

/* Begin PBXProject section */
		83E6F63C1B0C97B5006839C8 /* Project object */ = {
			isa = PBXProject;
			attributes = {
				LastUpgradeCheck = 0930;
				ORGANIZATIONNAME = xuhua;
				TargetAttributes = {
					83E6F6431B0C97B5006839C8 = {
						CreatedOnToolsVersion = 6.3.2;
						ProvisioningStyle = Automatic;
					};
				};
			};
			buildConfigurationList = 83E6F63F1B0C97B5006839C8 /* Build configuration list for PBXProject "cxEngineTest" */;
			compatibilityVersion = "Xcode 8.0";
			developmentRegion = English;
			hasScannedForEncodings = 0;
			knownRegions = (
				en,
				Base,
			);
			mainGroup = 83E6F63B1B0C97B5006839C8;
			productRefGroup = 83E6F6451B0C97B5006839C8 /* Products */;
			projectDirPath = "";
			projectReferences = (
				{
					ProductGroup = 839836B71B10978A002B7C20 /* Products */;
					ProjectRef = 839836B61B10978A002B7C20 /* cxEngineCore.xcodeproj */;
				},
			);
			projectRoot = "";
			targets = (
				83E6F6431B0C97B5006839C8 /* cxEngineTest */,
			);
		};
/* End PBXProject section */

/* Begin PBXReferenceProxy section */
		839836BC1B10978B002B7C20 /* libcxEngineCore.a */ = {
			isa = PBXReferenceProxy;
			fileType = archive.ar;
			path = libcxEngineCore.a;
			remoteRef = 839836BB1B10978B002B7C20 /* PBXContainerItemProxy */;
			sourceTree = BUILT_PRODUCTS_DIR;
		};
/* End PBXReferenceProxy section */

/* Begin PBXResourcesBuildPhase section */
		83E6F6421B0C97B5006839C8 /* Resources */ = {
			isa = PBXResourcesBuildPhase;
			buildActionMask = 2147483647;
			files = (
				834A1D021E69AF3C00751690 /* jl1000.lqt in Resources */,
				830157E21B3BD27C00ED46A8 /* t.png in Resources */,
				8302A5851B535EC500C7209C /* grid.png in Resources */,
				834A1D061E69AFE800751690 /* jl.lqt in Resources */,
				83B6E3201E2A006A00C9C6AB /* bg.png in Resources */,
				836E304C1B5E2B4C00ED8BDC /* foam.png in Resources */,
				83F5D0B51CE570A600690B86 /* actions.csv in Resources */,
				83E6F6581B0C97B5006839C8 /* LaunchScreen.xib in Resources */,
				836DD1211B2C26CE0094F5EF /* shader in Resources */,
				833043D01B424A1C00636928 /* bg.jpg in Resources */,
				836E304D1B5E2B4C00ED8BDC /* water.fsh in Resources */,
				836E304E1B5E2B4C00ED8BDC /* water.png in Resources */,
				83D92D291B315E7200F061D6 /* animate.png in Resources */,
				83C410DA1E28B3C90027FAFC /* penhuo1_xia.xml in Resources */,
				83D92D281B315E7200F061D6 /* animate.json in Resources */,
				83F5D0B71CE570A600690B86 /* frames.csv in Resources */,
				83E886DC1B68F970001C0727 /* test.mp3 in Resources */,
				83F45E8A1E2CECB20083C886 /* penhuo1_1.xml in Resources */,
				8326D0DB1BE9F72000A15879 /* Images.xcassets in Resources */,
				836E304F1B5E2B4C00ED8BDC /* water.vsh in Resources */,
				839B8AF11B68DD3A009E0CF7 /* o.wav in Resources */,
				834A1D001E69AEC900751690 /* jlbox.lqt in Resources */,
				83D8C3571B69E46400155990 /* battle_lost_02.mp3 in Resources */,
				83CD01A71E2CEB60006FC20F /* penhuo.xml in Resources */,
				839B8AEB1B68D6EF009E0CF7 /* finch.wav in Resources */,
				83F5D0C51CE5BE0400690B86 /* configs.csv in Resources */,
				83F5D0C31CE5BB5400690B86 /* texts.csv in Resources */,
				8326D0D91BE9F43D00A15879 /* circle.png in Resources */,
			);
			runOnlyForDeploymentPostprocessing = 0;
		};
/* End PBXResourcesBuildPhase section */

/* Begin PBXSourcesBuildPhase section */
		83E6F6401B0C97B5006839C8 /* Sources */ = {
			isa = PBXSourcesBuildPhase;
			buildActionMask = 2147483647;
			files = (
				8342296B22276BBF00E45202 /* b2EdgeAndPolygonContact.cpp in Sources */,
				8342297722276BBF00E45202 /* b2DistanceJoint.cpp in Sources */,
				8342297F22276BBF00E45202 /* b2RopeJoint.cpp in Sources */,
				839FD5BA1FB30FAE003C7899 /* Move.cpp in Sources */,
				8342297522276BBF00E45202 /* b2MouseJoint.cpp in Sources */,
				8342299322276BBF00E45202 /* b2CollideEdge.cpp in Sources */,
				8342296722276BBF00E45202 /* b2Body.cpp in Sources */,
				8342298022276BBF00E45202 /* b2Island.cpp in Sources */,
				8342298C22276BBF00E45202 /* b2DynamicTree.cpp in Sources */,
				8342298222276BBF00E45202 /* b2Rope.cpp in Sources */,
				8342298D22276BBF00E45202 /* b2ChainShape.cpp in Sources */,
				8314210F1CE99DD300C140B2 /* Controller.cpp in Sources */,
				8342296822276BBF00E45202 /* b2World.cpp in Sources */,
				8342299422276BBF00E45202 /* b2Collision.cpp in Sources */,
				8342297122276BBF00E45202 /* b2EdgeAndCircleContact.cpp in Sources */,
				839FD5BE1FB40B95003C7899 /* Point.cpp in Sources */,
				8342297D22276BBF00E45202 /* b2PrismaticJoint.cpp in Sources */,
				8342299022276BBF00E45202 /* b2PolygonShape.cpp in Sources */,
				8342298322276BBF00E45202 /* b2Draw.cpp in Sources */,
				8342298822276BBF00E45202 /* b2Math.cpp in Sources */,
				8342298722276BBF00E45202 /* b2StackAllocator.cpp in Sources */,
				8342297422276BBF00E45202 /* b2WeldJoint.cpp in Sources */,
				8342296922276BBF00E45202 /* b2Fixture.cpp in Sources */,
				8342299122276BBF00E45202 /* b2TimeOfImpact.cpp in Sources */,
				8342297B22276BBF00E45202 /* b2GearJoint.cpp in Sources */,
				83377A591CEC25A600CEB2D8 /* Map.cpp in Sources */,
				8342298422276BBF00E45202 /* b2BlockAllocator.cpp in Sources */,
				836E30451B5E2ABF00ED8BDC /* Sea.cpp in Sources */,
				8342297A22276BBF00E45202 /* b2RevoluteJoint.cpp in Sources */,
				8342297222276BBF00E45202 /* b2Contact.cpp in Sources */,
				8342298E22276BBF00E45202 /* b2EdgeShape.cpp in Sources */,
				8342299722276E3B00E45202 /* cxBoxWorld.cpp in Sources */,
				8342297C22276BBF00E45202 /* b2Joint.cpp in Sources */,
				83377A601CEC2F5800CEB2D8 /* Shader.cpp in Sources */,
				83651249215F565D000D29CB /* main.mm in Sources */,
				8342298A22276BBF00E45202 /* b2CollideCircle.cpp in Sources */,
				8342296D22276BBF00E45202 /* b2PolygonAndCircleContact.cpp in Sources */,
				8342298622276BBF00E45202 /* b2Timer.cpp in Sources */,
				83546A471B3127F700FFE1E7 /* Game.cpp in Sources */,
				8342298922276BBF00E45202 /* b2Distance.cpp in Sources */,
				8342296F22276BBF00E45202 /* b2ContactSolver.cpp in Sources */,
				8342299222276BBF00E45202 /* b2BroadPhase.cpp in Sources */,
				8342297E22276BBF00E45202 /* b2PulleyJoint.cpp in Sources */,
				8342296A22276BBF00E45202 /* b2ChainAndPolygonContact.cpp in Sources */,
				8342297622276BBF00E45202 /* b2FrictionJoint.cpp in Sources */,
				8342298122276BBF00E45202 /* b2ContactManager.cpp in Sources */,
				8342297822276BBF00E45202 /* b2WheelJoint.cpp in Sources */,
				833D43B11FB5970D00DFCF83 /* Block.cpp in Sources */,
				8342296C22276BBF00E45202 /* b2ChainAndCircleContact.cpp in Sources */,
				8342296E22276BBF00E45202 /* b2PolygonContact.cpp in Sources */,
				8342298522276BBF00E45202 /* b2Settings.cpp in Sources */,
				8342298F22276BBF00E45202 /* b2CircleShape.cpp in Sources */,
				8342297022276BBF00E45202 /* b2CircleContact.cpp in Sources */,
				8342297922276BBF00E45202 /* b2MotorJoint.cpp in Sources */,
				8342299A22276EF600E45202 /* cxBoxBody.cpp in Sources */,
				8342297322276BBF00E45202 /* b2WorldCallbacks.cpp in Sources */,
				8342298B22276BBF00E45202 /* b2CollidePolygon.cpp in Sources */,
			);
			runOnlyForDeploymentPostprocessing = 0;
		};
/* End PBXSourcesBuildPhase section */

/* Begin PBXVariantGroup section */
		83E6F6561B0C97B5006839C8 /* LaunchScreen.xib */ = {
			isa = PBXVariantGroup;
			children = (
				83E6F6571B0C97B5006839C8 /* Base */,
			);
			name = LaunchScreen.xib;
			sourceTree = "<group>";
		};
/* End PBXVariantGroup section */

/* Begin XCBuildConfiguration section */
		83E6F6651B0C97B5006839C8 /* Debug */ = {
			isa = XCBuildConfiguration;
			buildSettings = {
				ALWAYS_SEARCH_USER_PATHS = NO;
				CLANG_CXX_LANGUAGE_STANDARD = "gnu++0x";
				CLANG_CXX_LIBRARY = "libc++";
				CLANG_ENABLE_MODULES = YES;
				CLANG_ENABLE_OBJC_ARC = YES;
				CLANG_WARN_BLOCK_CAPTURE_AUTORELEASING = YES;
				CLANG_WARN_BOOL_CONVERSION = YES;
				CLANG_WARN_COMMA = YES;
				CLANG_WARN_CONSTANT_CONVERSION = YES;
				CLANG_WARN_DEPRECATED_OBJC_IMPLEMENTATIONS = YES;
				CLANG_WARN_DIRECT_OBJC_ISA_USAGE = YES_ERROR;
				CLANG_WARN_EMPTY_BODY = YES;
				CLANG_WARN_ENUM_CONVERSION = YES;
				CLANG_WARN_INFINITE_RECURSION = YES;
				CLANG_WARN_INT_CONVERSION = YES;
				CLANG_WARN_NON_LITERAL_NULL_CONVERSION = YES;
				CLANG_WARN_OBJC_IMPLICIT_RETAIN_SELF = YES;
				CLANG_WARN_OBJC_LITERAL_CONVERSION = YES;
				CLANG_WARN_OBJC_ROOT_CLASS = YES_ERROR;
				CLANG_WARN_RANGE_LOOP_ANALYSIS = YES;
				CLANG_WARN_STRICT_PROTOTYPES = YES;
				CLANG_WARN_SUSPICIOUS_MOVE = YES;
				CLANG_WARN_UNREACHABLE_CODE = YES;
				CLANG_WARN__DUPLICATE_METHOD_MATCH = YES;
				CODE_SIGN_IDENTITY = "iPhone Developer";
				"CODE_SIGN_IDENTITY[sdk=iphoneos*]" = "iPhone Developer";
				COPY_PHASE_STRIP = NO;
				DEBUG_INFORMATION_FORMAT = "dwarf-with-dsym";
				ENABLE_STRICT_OBJC_MSGSEND = YES;
				ENABLE_TESTABILITY = YES;
				GCC_C_LANGUAGE_STANDARD = gnu99;
				GCC_DYNAMIC_NO_PIC = NO;
				GCC_NO_COMMON_BLOCKS = YES;
				GCC_OPTIMIZATION_LEVEL = 0;
				GCC_PREPROCESSOR_DEFINITIONS = (
					"DEBUG=1",
					"$(inherited)",
				);
				GCC_SYMBOLS_PRIVATE_EXTERN = NO;
				GCC_WARN_64_TO_32_BIT_CONVERSION = YES;
				GCC_WARN_ABOUT_RETURN_TYPE = YES_ERROR;
				GCC_WARN_UNDECLARED_SELECTOR = YES;
				GCC_WARN_UNINITIALIZED_AUTOS = YES_AGGRESSIVE;
				GCC_WARN_UNUSED_FUNCTION = YES;
				GCC_WARN_UNUSED_VARIABLE = YES;
				IPHONEOS_DEPLOYMENT_TARGET = 8.3;
				MTL_ENABLE_DEBUG_INFO = YES;
				ONLY_ACTIVE_ARCH = YES;
				SDKROOT = iphoneos;
				TARGETED_DEVICE_FAMILY = "1,2";
			};
			name = Debug;
		};
		83E6F6661B0C97B5006839C8 /* Release */ = {
			isa = XCBuildConfiguration;
			buildSettings = {
				ALWAYS_SEARCH_USER_PATHS = NO;
				CLANG_CXX_LANGUAGE_STANDARD = "gnu++0x";
				CLANG_CXX_LIBRARY = "libc++";
				CLANG_ENABLE_MODULES = YES;
				CLANG_ENABLE_OBJC_ARC = YES;
				CLANG_WARN_BLOCK_CAPTURE_AUTORELEASING = YES;
				CLANG_WARN_BOOL_CONVERSION = YES;
				CLANG_WARN_COMMA = YES;
				CLANG_WARN_CONSTANT_CONVERSION = YES;
				CLANG_WARN_DEPRECATED_OBJC_IMPLEMENTATIONS = YES;
				CLANG_WARN_DIRECT_OBJC_ISA_USAGE = YES_ERROR;
				CLANG_WARN_EMPTY_BODY = YES;
				CLANG_WARN_ENUM_CONVERSION = YES;
				CLANG_WARN_INFINITE_RECURSION = YES;
				CLANG_WARN_INT_CONVERSION = YES;
				CLANG_WARN_NON_LITERAL_NULL_CONVERSION = YES;
				CLANG_WARN_OBJC_IMPLICIT_RETAIN_SELF = YES;
				CLANG_WARN_OBJC_LITERAL_CONVERSION = YES;
				CLANG_WARN_OBJC_ROOT_CLASS = YES_ERROR;
				CLANG_WARN_RANGE_LOOP_ANALYSIS = YES;
				CLANG_WARN_STRICT_PROTOTYPES = YES;
				CLANG_WARN_SUSPICIOUS_MOVE = YES;
				CLANG_WARN_UNREACHABLE_CODE = YES;
				CLANG_WARN__DUPLICATE_METHOD_MATCH = YES;
				CODE_SIGN_IDENTITY = "iPhone Distribution";
				"CODE_SIGN_IDENTITY[sdk=iphoneos*]" = "iPhone Distribution";
				COPY_PHASE_STRIP = NO;
				DEBUG_INFORMATION_FORMAT = "dwarf-with-dsym";
				ENABLE_NS_ASSERTIONS = NO;
				ENABLE_STRICT_OBJC_MSGSEND = YES;
				GCC_C_LANGUAGE_STANDARD = gnu99;
				GCC_NO_COMMON_BLOCKS = YES;
				GCC_WARN_64_TO_32_BIT_CONVERSION = YES;
				GCC_WARN_ABOUT_RETURN_TYPE = YES_ERROR;
				GCC_WARN_UNDECLARED_SELECTOR = YES;
				GCC_WARN_UNINITIALIZED_AUTOS = YES_AGGRESSIVE;
				GCC_WARN_UNUSED_FUNCTION = YES;
				GCC_WARN_UNUSED_VARIABLE = YES;
				IPHONEOS_DEPLOYMENT_TARGET = 8.3;
				MTL_ENABLE_DEBUG_INFO = NO;
				SDKROOT = iphoneos;
				TARGETED_DEVICE_FAMILY = "1,2";
				VALIDATE_PRODUCT = YES;
			};
			name = Release;
		};
		83E6F6681B0C97B5006839C8 /* Debug */ = {
			isa = XCBuildConfiguration;
			buildSettings = {
				ASSETCATALOG_COMPILER_APPICON_NAME = AppIcon;
				ASSETCATALOG_COMPILER_LAUNCHIMAGE_NAME = "Brand Assets";
				CLANG_CXX_LANGUAGE_STANDARD = "gnu++0x";
				CLANG_ENABLE_OBJC_ARC = NO;
				CLANG_ENABLE_OBJC_WEAK = YES;
				CODE_SIGN_IDENTITY = "iPhone Developer";
				"CODE_SIGN_IDENTITY[sdk=iphoneos*]" = "iPhone Developer";
				COMPRESS_PNG_FILES = NO;
				DEVELOPMENT_TEAM = 52UNK6QLYG;
				GCC_ENABLE_CPP_EXCEPTIONS = NO;
				GCC_ENABLE_CPP_RTTI = NO;
				GCC_OPTIMIZATION_LEVEL = 0;
				GCC_PREPROCESSOR_DEFINITIONS = "DEBUG=1";
				GCC_WARN_64_TO_32_BIT_CONVERSION = NO;
				HEADER_SEARCH_PATHS = (
					"$(SRCROOT)",
					"$(SRCROOT)/ios/include",
					/Users/xuhua/gameserver/testgmpkt/include,
					/Users/xuhua/gameserver/testgmpkt/include/wtlinux,
				);
				INFOPLIST_FILE = cxEngine2D/Info.plist;
				IPHONEOS_DEPLOYMENT_TARGET = 8.0;
				LD_RUNPATH_SEARCH_PATHS = "$(inherited) @executable_path/Frameworks";
				LIBRARY_SEARCH_PATHS = (
					"$(SRCROOT)/ios/lib",
					"$(PROJECT_DIR)/ios/lib",
				);
				PLIST_FILE_OUTPUT_FORMAT = binary;
				PRODUCT_BUNDLE_IDENTIFIER = cn.rockygame.debug;
				PRODUCT_NAME = cxEngineTest;
				PROVISIONING_PROFILE = "";
				PROVISIONING_PROFILE_SPECIFIER = "";
				STRIP_PNG_TEXT = NO;
			};
			name = Debug;
		};
		83E6F6691B0C97B5006839C8 /* Release */ = {
			isa = XCBuildConfiguration;
			buildSettings = {
				ASSETCATALOG_COMPILER_APPICON_NAME = AppIcon;
				ASSETCATALOG_COMPILER_LAUNCHIMAGE_NAME = "Brand Assets";
				CLANG_CXX_LANGUAGE_STANDARD = "gnu++0x";
				CLANG_ENABLE_OBJC_ARC = NO;
				CLANG_ENABLE_OBJC_WEAK = YES;
				CODE_SIGN_IDENTITY = "iPhone Distribution";
				"CODE_SIGN_IDENTITY[sdk=iphoneos*]" = "iPhone Developer";
				COMPRESS_PNG_FILES = NO;
				DEVELOPMENT_TEAM = 52UNK6QLYG;
				GCC_ENABLE_CPP_EXCEPTIONS = NO;
				GCC_ENABLE_CPP_RTTI = NO;
				GCC_OPTIMIZATION_LEVEL = s;
				GCC_PREPROCESSOR_DEFINITIONS = "NDEBUG=1";
				GCC_WARN_64_TO_32_BIT_CONVERSION = NO;
				HEADER_SEARCH_PATHS = (
					"$(SRCROOT)",
					"$(SRCROOT)/ios/include",
					/Users/xuhua/gameserver/testgmpkt/include,
					/Users/xuhua/gameserver/testgmpkt/include/wtlinux,
				);
				INFOPLIST_FILE = cxEngine2D/Info.plist;
				IPHONEOS_DEPLOYMENT_TARGET = 8.0;
				LD_RUNPATH_SEARCH_PATHS = "$(inherited) @executable_path/Frameworks";
				LIBRARY_SEARCH_PATHS = (
					"$(SRCROOT)/ios/lib",
					"$(PROJECT_DIR)/ios/lib",
				);
				PLIST_FILE_OUTPUT_FORMAT = binary;
				PRODUCT_BUNDLE_IDENTIFIER = cn.rockygame.debug;
				PRODUCT_NAME = cxEngineTest;
				PROVISIONING_PROFILE = "";
				STRIP_PNG_TEXT = NO;
			};
			name = Release;
		};
/* End XCBuildConfiguration section */

/* Begin XCConfigurationList section */
		83E6F63F1B0C97B5006839C8 /* Build configuration list for PBXProject "cxEngineTest" */ = {
			isa = XCConfigurationList;
			buildConfigurations = (
				83E6F6651B0C97B5006839C8 /* Debug */,
				83E6F6661B0C97B5006839C8 /* Release */,
			);
			defaultConfigurationIsVisible = 0;
			defaultConfigurationName = Debug;
		};
		83E6F6671B0C97B5006839C8 /* Build configuration list for PBXNativeTarget "cxEngineTest" */ = {
			isa = XCConfigurationList;
			buildConfigurations = (
				83E6F6681B0C97B5006839C8 /* Debug */,
				83E6F6691B0C97B5006839C8 /* Release */,
			);
			defaultConfigurationIsVisible = 0;
			defaultConfigurationName = Debug;
		};
/* End XCConfigurationList section */
	};
	rootObject = 83E6F63C1B0C97B5006839C8 /* Project object */;
}
