// !$*UTF8*$!
{
	archiveVersion = 1;
	classes = {
	};
	objectVersion = 46;
	objects = {

/* Begin PBXBuildFile section */
		833ED2471CD857C700046BB6 /* libcxEngineCore.a in Frameworks */ = {isa = PBXBuildFile; fileRef = 839A52481CD857140002BF77 /* libcxEngineCore.a */; };
		833ED2491CD857EC00046BB6 /* libz.tbd in Frameworks */ = {isa = PBXBuildFile; fileRef = 833ED2481CD857EC00046BB6 /* libz.tbd */; };
		833ED24C1CD85A5500046BB6 /* grid.png in Resources */ = {isa = PBXBuildFile; fileRef = 833ED24B1CD85A5500046BB6 /* grid.png */; };
		839A52151CD854D30002BF77 /* main.m in Sources */ = {isa = PBXBuildFile; fileRef = 839A52141CD854D30002BF77 /* main.m */; };
		839A52201CD854D30002BF77 /* Assets.xcassets in Resources */ = {isa = PBXBuildFile; fileRef = 839A521F1CD854D30002BF77 /* Assets.xcassets */; };
		839A52231CD854D30002BF77 /* LaunchScreen.storyboard in Resources */ = {isa = PBXBuildFile; fileRef = 839A52211CD854D30002BF77 /* LaunchScreen.storyboard */; };
		839A522E1CD855620002BF77 /* App.mm in Sources */ = {isa = PBXBuildFile; fileRef = 839A522B1CD855620002BF77 /* App.mm */; };
		839A522F1CD855620002BF77 /* Game.cpp in Sources */ = {isa = PBXBuildFile; fileRef = 839A522C1CD855620002BF77 /* Game.cpp */; };
		839A52311CD856B60002BF77 /* OpenAL.framework in Frameworks */ = {isa = PBXBuildFile; fileRef = 839A52301CD856B60002BF77 /* OpenAL.framework */; };
		839A52331CD856BA0002BF77 /* GLKit.framework in Frameworks */ = {isa = PBXBuildFile; fileRef = 839A52321CD856BA0002BF77 /* GLKit.framework */; };
		839A52351CD856C10002BF77 /* OpenGLES.framework in Frameworks */ = {isa = PBXBuildFile; fileRef = 839A52341CD856C10002BF77 /* OpenGLES.framework */; };
		83C5BF981CD860CD00F0DA0B /* libmpg123.a in Frameworks */ = {isa = PBXBuildFile; fileRef = 83C5BF921CD860CD00F0DA0B /* libmpg123.a */; };
		83C5BF9A1CD860CD00F0DA0B /* libpng.a in Frameworks */ = {isa = PBXBuildFile; fileRef = 83C5BF941CD860CD00F0DA0B /* libpng.a */; };
		83C5BF9B1CD860CD00F0DA0B /* libuv.a in Frameworks */ = {isa = PBXBuildFile; fileRef = 83C5BF951CD860CD00F0DA0B /* libuv.a */; };
/* End PBXBuildFile section */

/* Begin PBXContainerItemProxy section */
		839A52471CD857140002BF77 /* PBXContainerItemProxy */ = {
			isa = PBXContainerItemProxy;
			containerPortal = 839A52431CD857140002BF77 /* cxEngineCore.xcodeproj */;
			proxyType = 2;
			remoteGlobalIDString = 83BBF3D81B109452003CB004;
			remoteInfo = cxEngineCore;
		};
/* End PBXContainerItemProxy section */

/* Begin PBXFileReference section */
		833ED2481CD857EC00046BB6 /* libz.tbd */ = {isa = PBXFileReference; lastKnownFileType = "sourcecode.text-based-dylib-definition"; name = libz.tbd; path = usr/lib/libz.tbd; sourceTree = SDKROOT; };
		833ED24B1CD85A5500046BB6 /* grid.png */ = {isa = PBXFileReference; lastKnownFileType = image.png; path = grid.png; sourceTree = "<group>"; };
		839A52101CD854D30002BF77 /* template.app */ = {isa = PBXFileReference; explicitFileType = wrapper.application; includeInIndex = 0; path = template.app; sourceTree = BUILT_PRODUCTS_DIR; };
		839A52141CD854D30002BF77 /* main.m */ = {isa = PBXFileReference; lastKnownFileType = sourcecode.c.objc; path = main.m; sourceTree = "<group>"; };
		839A521F1CD854D30002BF77 /* Assets.xcassets */ = {isa = PBXFileReference; lastKnownFileType = folder.assetcatalog; path = Assets.xcassets; sourceTree = "<group>"; };
		839A52221CD854D30002BF77 /* Base */ = {isa = PBXFileReference; lastKnownFileType = file.storyboard; name = Base; path = Base.lproj/LaunchScreen.storyboard; sourceTree = "<group>"; };
		839A52241CD854D30002BF77 /* Info.plist */ = {isa = PBXFileReference; lastKnownFileType = text.plist.xml; path = Info.plist; sourceTree = "<group>"; };
		839A522A1CD855620002BF77 /* App.h */ = {isa = PBXFileReference; fileEncoding = 4; lastKnownFileType = sourcecode.c.h; path = App.h; sourceTree = "<group>"; };
		839A522B1CD855620002BF77 /* App.mm */ = {isa = PBXFileReference; fileEncoding = 4; lastKnownFileType = sourcecode.cpp.objcpp; path = App.mm; sourceTree = "<group>"; };
		839A522C1CD855620002BF77 /* Game.cpp */ = {isa = PBXFileReference; fileEncoding = 4; lastKnownFileType = sourcecode.cpp.cpp; path = Game.cpp; sourceTree = "<group>"; };
		839A522D1CD855620002BF77 /* Game.h */ = {isa = PBXFileReference; fileEncoding = 4; lastKnownFileType = sourcecode.c.h; path = Game.h; sourceTree = "<group>"; };
		839A52301CD856B60002BF77 /* OpenAL.framework */ = {isa = PBXFileReference; lastKnownFileType = wrapper.framework; name = OpenAL.framework; path = System/Library/Frameworks/OpenAL.framework; sourceTree = SDKROOT; };
		839A52321CD856BA0002BF77 /* GLKit.framework */ = {isa = PBXFileReference; lastKnownFileType = wrapper.framework; name = GLKit.framework; path = System/Library/Frameworks/GLKit.framework; sourceTree = SDKROOT; };
		839A52341CD856C10002BF77 /* OpenGLES.framework */ = {isa = PBXFileReference; lastKnownFileType = wrapper.framework; name = OpenGLES.framework; path = System/Library/Frameworks/OpenGLES.framework; sourceTree = SDKROOT; };
		839A52431CD857140002BF77 /* cxEngineCore.xcodeproj */ = {isa = PBXFileReference; lastKnownFileType = "wrapper.pb-project"; name = cxEngineCore.xcodeproj; path = ../cxEngineCore.xcodeproj; sourceTree = "<group>"; };
		83C5BF921CD860CD00F0DA0B /* libmpg123.a */ = {isa = PBXFileReference; lastKnownFileType = archive.ar; name = libmpg123.a; path = ../libs/ios/lib/libmpg123.a; sourceTree = "<group>"; };
		83C5BF941CD860CD00F0DA0B /* libpng.a */ = {isa = PBXFileReference; lastKnownFileType = archive.ar; name = libpng.a; path = ../libs/ios/lib/libpng.a; sourceTree = "<group>"; };
		83C5BF951CD860CD00F0DA0B /* libuv.a */ = {isa = PBXFileReference; lastKnownFileType = archive.ar; name = libuv.a; path = ../libs/ios/lib/libuv.a; sourceTree = "<group>"; };
/* End PBXFileReference section */

/* Begin PBXFrameworksBuildPhase section */
		839A520D1CD854D30002BF77 /* Frameworks */ = {
			isa = PBXFrameworksBuildPhase;
			buildActionMask = 2147483647;
			files = (
				83C5BF981CD860CD00F0DA0B /* libmpg123.a in Frameworks */,
				83C5BF9A1CD860CD00F0DA0B /* libpng.a in Frameworks */,
				83C5BF9B1CD860CD00F0DA0B /* libuv.a in Frameworks */,
				833ED2491CD857EC00046BB6 /* libz.tbd in Frameworks */,
				833ED2471CD857C700046BB6 /* libcxEngineCore.a in Frameworks */,
				839A52351CD856C10002BF77 /* OpenGLES.framework in Frameworks */,
				839A52331CD856BA0002BF77 /* GLKit.framework in Frameworks */,
				839A52311CD856B60002BF77 /* OpenAL.framework in Frameworks */,
			);
			runOnlyForDeploymentPostprocessing = 0;
		};
/* End PBXFrameworksBuildPhase section */

/* Begin PBXGroup section */
		833ED24A1CD85A5500046BB6 /* asserts */ = {
			isa = PBXGroup;
			children = (
				833ED24B1CD85A5500046BB6 /* grid.png */,
			);
			path = asserts;
			sourceTree = "<group>";
		};
		839A52071CD854D30002BF77 = {
			isa = PBXGroup;
			children = (
				839A52431CD857140002BF77 /* cxEngineCore.xcodeproj */,
				839A52421CD856E60002BF77 /* libs */,
				839A52121CD854D30002BF77 /* template */,
				839A52111CD854D30002BF77 /* Products */,
			);
			sourceTree = "<group>";
		};
		839A52111CD854D30002BF77 /* Products */ = {
			isa = PBXGroup;
			children = (
				839A52101CD854D30002BF77 /* template.app */,
			);
			name = Products;
			sourceTree = "<group>";
		};
		839A52121CD854D30002BF77 /* template */ = {
			isa = PBXGroup;
			children = (
				839A522A1CD855620002BF77 /* App.h */,
				839A522B1CD855620002BF77 /* App.mm */,
				839A522C1CD855620002BF77 /* Game.cpp */,
				839A522D1CD855620002BF77 /* Game.h */,
				839A521F1CD854D30002BF77 /* Assets.xcassets */,
				839A52211CD854D30002BF77 /* LaunchScreen.storyboard */,
				839A52241CD854D30002BF77 /* Info.plist */,
				839A52131CD854D30002BF77 /* Supporting Files */,
			);
			path = template;
			sourceTree = "<group>";
		};
		839A52131CD854D30002BF77 /* Supporting Files */ = {
			isa = PBXGroup;
			children = (
				833ED24A1CD85A5500046BB6 /* asserts */,
				839A52141CD854D30002BF77 /* main.m */,
			);
			name = "Supporting Files";
			sourceTree = "<group>";
		};
		839A52421CD856E60002BF77 /* libs */ = {
			isa = PBXGroup;
			children = (
				83C5BF921CD860CD00F0DA0B /* libmpg123.a */,
				83C5BF941CD860CD00F0DA0B /* libpng.a */,
				83C5BF951CD860CD00F0DA0B /* libuv.a */,
				833ED2481CD857EC00046BB6 /* libz.tbd */,
				839A52341CD856C10002BF77 /* OpenGLES.framework */,
				839A52321CD856BA0002BF77 /* GLKit.framework */,
				839A52301CD856B60002BF77 /* OpenAL.framework */,
			);
			name = libs;
			sourceTree = "<group>";
		};
		839A52441CD857140002BF77 /* Products */ = {
			isa = PBXGroup;
			children = (
				839A52481CD857140002BF77 /* libcxEngineCore.a */,
			);
			name = Products;
			sourceTree = "<group>";
		};
/* End PBXGroup section */

/* Begin PBXNativeTarget section */
		839A520F1CD854D30002BF77 /* template */ = {
			isa = PBXNativeTarget;
			buildConfigurationList = 839A52271CD854D30002BF77 /* Build configuration list for PBXNativeTarget "template" */;
			buildPhases = (
				839A520C1CD854D30002BF77 /* Sources */,
				839A520D1CD854D30002BF77 /* Frameworks */,
				839A520E1CD854D30002BF77 /* Resources */,
			);
			buildRules = (
			);
			dependencies = (
			);
			name = template;
			productName = template;
			productReference = 839A52101CD854D30002BF77 /* template.app */;
			productType = "com.apple.product-type.application";
		};
/* End PBXNativeTarget section */

/* Begin PBXProject section */
		839A52081CD854D30002BF77 /* Project object */ = {
			isa = PBXProject;
			attributes = {
				LastUpgradeCheck = 0910;
				ORGANIZATIONNAME = xuhua;
				TargetAttributes = {
					839A520F1CD854D30002BF77 = {
						CreatedOnToolsVersion = 7.3;
						DevelopmentTeam = 52UNK6QLYG;
					};
				};
			};
			buildConfigurationList = 839A520B1CD854D30002BF77 /* Build configuration list for PBXProject "template" */;
			compatibilityVersion = "Xcode 3.2";
			developmentRegion = English;
			hasScannedForEncodings = 0;
			knownRegions = (
				en,
				Base,
			);
			mainGroup = 839A52071CD854D30002BF77;
			productRefGroup = 839A52111CD854D30002BF77 /* Products */;
			projectDirPath = "";
			projectReferences = (
				{
					ProductGroup = 839A52441CD857140002BF77 /* Products */;
					ProjectRef = 839A52431CD857140002BF77 /* cxEngineCore.xcodeproj */;
				},
			);
			projectRoot = "";
			targets = (
				839A520F1CD854D30002BF77 /* template */,
			);
		};
/* End PBXProject section */

/* Begin PBXReferenceProxy section */
		839A52481CD857140002BF77 /* libcxEngineCore.a */ = {
			isa = PBXReferenceProxy;
			fileType = archive.ar;
			path = libcxEngineCore.a;
			remoteRef = 839A52471CD857140002BF77 /* PBXContainerItemProxy */;
			sourceTree = BUILT_PRODUCTS_DIR;
		};
/* End PBXReferenceProxy section */

/* Begin PBXResourcesBuildPhase section */
		839A520E1CD854D30002BF77 /* Resources */ = {
			isa = PBXResourcesBuildPhase;
			buildActionMask = 2147483647;
			files = (
				839A52231CD854D30002BF77 /* LaunchScreen.storyboard in Resources */,
				839A52201CD854D30002BF77 /* Assets.xcassets in Resources */,
				833ED24C1CD85A5500046BB6 /* grid.png in Resources */,
			);
			runOnlyForDeploymentPostprocessing = 0;
		};
/* End PBXResourcesBuildPhase section */

/* Begin PBXSourcesBuildPhase section */
		839A520C1CD854D30002BF77 /* Sources */ = {
			isa = PBXSourcesBuildPhase;
			buildActionMask = 2147483647;
			files = (
				839A522F1CD855620002BF77 /* Game.cpp in Sources */,
				839A52151CD854D30002BF77 /* main.m in Sources */,
				839A522E1CD855620002BF77 /* App.mm in Sources */,
			);
			runOnlyForDeploymentPostprocessing = 0;
		};
/* End PBXSourcesBuildPhase section */

/* Begin PBXVariantGroup section */
		839A52211CD854D30002BF77 /* LaunchScreen.storyboard */ = {
			isa = PBXVariantGroup;
			children = (
				839A52221CD854D30002BF77 /* Base */,
			);
			name = LaunchScreen.storyboard;
			sourceTree = "<group>";
		};
/* End PBXVariantGroup section */

/* Begin XCBuildConfiguration section */
		839A52251CD854D30002BF77 /* Debug */ = {
			isa = XCBuildConfiguration;
			buildSettings = {
				ALWAYS_SEARCH_USER_PATHS = NO;
				CLANG_ANALYZER_NONNULL = YES;
				CLANG_CXX_LANGUAGE_STANDARD = "gnu++0x";
				CLANG_CXX_LIBRARY = "libc++";
				CLANG_ENABLE_MODULES = YES;
				CLANG_ENABLE_OBJC_ARC = YES;
				CLANG_WARN_BLOCK_CAPTURE_AUTORELEASING = YES;
				CLANG_WARN_BOOL_CONVERSION = YES;
				CLANG_WARN_COMMA = YES;
				CLANG_WARN_CONSTANT_CONVERSION = YES;
				CLANG_WARN_DIRECT_OBJC_ISA_USAGE = YES_ERROR;
				CLANG_WARN_EMPTY_BODY = YES;
				CLANG_WARN_ENUM_CONVERSION = YES;
				CLANG_WARN_INFINITE_RECURSION = YES;
				CLANG_WARN_INT_CONVERSION = YES;
				CLANG_WARN_NON_LITERAL_NULL_CONVERSION = YES;
				CLANG_WARN_OBJC_LITERAL_CONVERSION = YES;
				CLANG_WARN_OBJC_ROOT_CLASS = YES_ERROR;
				CLANG_WARN_RANGE_LOOP_ANALYSIS = YES;
				CLANG_WARN_STRICT_PROTOTYPES = YES;
				CLANG_WARN_SUSPICIOUS_MOVE = YES;
				CLANG_WARN_UNREACHABLE_CODE = YES;
				CLANG_WARN__DUPLICATE_METHOD_MATCH = YES;
				"CODE_SIGN_IDENTITY[sdk=iphoneos*]" = "iPhone Developer";
				COPY_PHASE_STRIP = NO;
				DEBUG_INFORMATION_FORMAT = dwarf;
				ENABLE_STRICT_OBJC_MSGSEND = YES;
				ENABLE_TESTABILITY = YES;
				GCC_C_LANGUAGE_STANDARD = gnu99;
				GCC_DYNAMIC_NO_PIC = NO;
				GCC_NO_COMMON_BLOCKS = YES;
				GCC_OPTIMIZATION_LEVEL = 0;
				GCC_PREPROCESSOR_DEFINITIONS = (
					"DEBUG=1",
					"$(inherited)",
				);
				GCC_WARN_64_TO_32_BIT_CONVERSION = YES;
				GCC_WARN_ABOUT_RETURN_TYPE = YES_ERROR;
				GCC_WARN_UNDECLARED_SELECTOR = YES;
				GCC_WARN_UNINITIALIZED_AUTOS = YES_AGGRESSIVE;
				GCC_WARN_UNUSED_FUNCTION = YES;
				GCC_WARN_UNUSED_VARIABLE = YES;
				IPHONEOS_DEPLOYMENT_TARGET = 9.3;
				MTL_ENABLE_DEBUG_INFO = YES;
				ONLY_ACTIVE_ARCH = YES;
				SDKROOT = iphoneos;
				TARGETED_DEVICE_FAMILY = "1,2";
			};
			name = Debug;
		};
		839A52261CD854D30002BF77 /* Release */ = {
			isa = XCBuildConfiguration;
			buildSettings = {
				ALWAYS_SEARCH_USER_PATHS = NO;
				CLANG_ANALYZER_NONNULL = YES;
				CLANG_CXX_LANGUAGE_STANDARD = "gnu++0x";
				CLANG_CXX_LIBRARY = "libc++";
				CLANG_ENABLE_MODULES = YES;
				CLANG_ENABLE_OBJC_ARC = YES;
				CLANG_WARN_BLOCK_CAPTURE_AUTORELEASING = YES;
				CLANG_WARN_BOOL_CONVERSION = YES;
				CLANG_WARN_COMMA = YES;
				CLANG_WARN_CONSTANT_CONVERSION = YES;
				CLANG_WARN_DIRECT_OBJC_ISA_USAGE = YES_ERROR;
				CLANG_WARN_EMPTY_BODY = YES;
				CLANG_WARN_ENUM_CONVERSION = YES;
				CLANG_WARN_INFINITE_RECURSION = YES;
				CLANG_WARN_INT_CONVERSION = YES;
				CLANG_WARN_NON_LITERAL_NULL_CONVERSION = YES;
				CLANG_WARN_OBJC_LITERAL_CONVERSION = YES;
				CLANG_WARN_OBJC_ROOT_CLASS = YES_ERROR;
				CLANG_WARN_RANGE_LOOP_ANALYSIS = YES;
				CLANG_WARN_STRICT_PROTOTYPES = YES;
				CLANG_WARN_SUSPICIOUS_MOVE = YES;
				CLANG_WARN_UNREACHABLE_CODE = YES;
				CLANG_WARN__DUPLICATE_METHOD_MATCH = YES;
				"CODE_SIGN_IDENTITY[sdk=iphoneos*]" = "iPhone Developer";
				COPY_PHASE_STRIP = NO;
				DEBUG_INFORMATION_FORMAT = "dwarf-with-dsym";
				ENABLE_NS_ASSERTIONS = NO;
				ENABLE_STRICT_OBJC_MSGSEND = YES;
				GCC_C_LANGUAGE_STANDARD = gnu99;
				GCC_NO_COMMON_BLOCKS = YES;
				GCC_WARN_64_TO_32_BIT_CONVERSION = YES;
				GCC_WARN_ABOUT_RETURN_TYPE = YES_ERROR;
				GCC_WARN_UNDECLARED_SELECTOR = YES;
				GCC_WARN_UNINITIALIZED_AUTOS = YES_AGGRESSIVE;
				GCC_WARN_UNUSED_FUNCTION = YES;
				GCC_WARN_UNUSED_VARIABLE = YES;
				IPHONEOS_DEPLOYMENT_TARGET = 9.3;
				MTL_ENABLE_DEBUG_INFO = NO;
				SDKROOT = iphoneos;
				TARGETED_DEVICE_FAMILY = "1,2";
				VALIDATE_PRODUCT = YES;
			};
			name = Release;
		};
		839A52281CD854D30002BF77 /* Debug */ = {
			isa = XCBuildConfiguration;
			buildSettings = {
				ASSETCATALOG_COMPILER_APPICON_NAME = AppIcon;
				CLANG_ENABLE_OBJC_ARC = NO;
				CODE_SIGN_IDENTITY = "iPhone Developer";
				"CODE_SIGN_IDENTITY[sdk=iphoneos*]" = "iPhone Developer";
				COMPRESS_PNG_FILES = NO;
				GCC_ENABLE_CPP_EXCEPTIONS = NO;
				GCC_ENABLE_CPP_RTTI = NO;
				GCC_PREPROCESSOR_DEFINITIONS = "DEBUG=1";
				HEADER_SEARCH_PATHS = (
					"$(SRCROOT)/../",
					"$(SRCROOT)/../ext",
					"$(SRCROOT)/../libs/ios/include",
				);
				INFOPLIST_FILE = template/Info.plist;
				LD_RUNPATH_SEARCH_PATHS = "$(inherited) @executable_path/Frameworks";
				LIBRARY_SEARCH_PATHS = "$(SRCROOT)/../libs/ios/lib";
				PRODUCT_BUNDLE_IDENTIFIER = cn.rockygame.template;
				PRODUCT_NAME = "$(TARGET_NAME)";
				PROVISIONING_PROFILE = "";
				STRIP_PNG_TEXT = NO;
			};
			name = Debug;
		};
		839A52291CD854D30002BF77 /* Release */ = {
			isa = XCBuildConfiguration;
			buildSettings = {
				ASSETCATALOG_COMPILER_APPICON_NAME = AppIcon;
				CLANG_ENABLE_OBJC_ARC = NO;
				CODE_SIGN_IDENTITY = "iPhone Developer";
				"CODE_SIGN_IDENTITY[sdk=iphoneos*]" = "iPhone Developer";
				COMPRESS_PNG_FILES = NO;
				GCC_ENABLE_CPP_EXCEPTIONS = NO;
				GCC_ENABLE_CPP_RTTI = NO;
				GCC_PREPROCESSOR_DEFINITIONS = "NDEBUG=1";
				HEADER_SEARCH_PATHS = (
					"$(SRCROOT)/../",
					"$(SRCROOT)/../ext",
					"$(SRCROOT)/../libs/ios/include",
				);
				INFOPLIST_FILE = template/Info.plist;
				LD_RUNPATH_SEARCH_PATHS = "$(inherited) @executable_path/Frameworks";
				LIBRARY_SEARCH_PATHS = "$(SRCROOT)/../libs/ios/lib";
				PRODUCT_BUNDLE_IDENTIFIER = cn.rockygame.template;
				PRODUCT_NAME = "$(TARGET_NAME)";
				PROVISIONING_PROFILE = "";
				STRIP_PNG_TEXT = NO;
			};
			name = Release;
		};
/* End XCBuildConfiguration section */

/* Begin XCConfigurationList section */
		839A520B1CD854D30002BF77 /* Build configuration list for PBXProject "template" */ = {
			isa = XCConfigurationList;
			buildConfigurations = (
				839A52251CD854D30002BF77 /* Debug */,
				839A52261CD854D30002BF77 /* Release */,
			);
			defaultConfigurationIsVisible = 0;
			defaultConfigurationName = Release;
		};
		839A52271CD854D30002BF77 /* Build configuration list for PBXNativeTarget "template" */ = {
			isa = XCConfigurationList;
			buildConfigurations = (
				839A52281CD854D30002BF77 /* Debug */,
				839A52291CD854D30002BF77 /* Release */,
			);
			defaultConfigurationIsVisible = 0;
			defaultConfigurationName = Release;
		};
/* End XCConfigurationList section */
	};
	rootObject = 839A52081CD854D30002BF77 /* Project object */;
}
